// !$*UTF8*$!
{
	archiveVersion = 1;
	classes = {
	};
	objectVersion = 46;
	objects = {

/* Begin PBXBuildFile section */
		5EAD55BF1C14F943003E06C7 /* FlipperiOS.h in Headers */ = {isa = PBXBuildFile; fileRef = 5EAD53FE1C14E8EE003E06C7 /* FlipperiOS.h */; settings = {ATTRIBUTES = (Public, ); }; };
		5EAD57121C15010C003E06C7 /* at45.c in Sources */ = {isa = PBXBuildFile; fileRef = 5EAD56711C15010B003E06C7 /* at45.c */; };
		5EAD57141C15010C003E06C7 /* button.c in Sources */ = {isa = PBXBuildFile; fileRef = 5EAD56741C15010B003E06C7 /* button.c */; };
		5EAD57161C15010C003E06C7 /* fdl.c in Sources */ = {isa = PBXBuildFile; fileRef = 5EAD56771C15010B003E06C7 /* fdl.c */; };
		5EAD57181C15010C003E06C7 /* fs.c in Sources */ = {isa = PBXBuildFile; fileRef = 5EAD567A1C15010B003E06C7 /* fs.c */; };
		5EAD571A1C15010C003E06C7 /* i2c.c in Sources */ = {isa = PBXBuildFile; fileRef = 5EAD567D1C15010B003E06C7 /* i2c.c */; };
		5EAD571C1C15010C003E06C7 /* io.c in Sources */ = {isa = PBXBuildFile; fileRef = 5EAD56801C15010B003E06C7 /* io.c */; };
		5EAD571E1C15010C003E06C7 /* led.c in Sources */ = {isa = PBXBuildFile; fileRef = 5EAD56831C15010B003E06C7 /* led.c */; };
		5EAD57201C15010C003E06C7 /* pwm.c in Sources */ = {isa = PBXBuildFile; fileRef = 5EAD56861C15010B003E06C7 /* pwm.c */; };
		5EAD57231C15010C003E06C7 /* sam.c in Sources */ = {isa = PBXBuildFile; fileRef = 5EAD568A1C15010B003E06C7 /* sam.c */; };
		5EAD57251C15010C003E06C7 /* spi.c in Sources */ = {isa = PBXBuildFile; fileRef = 5EAD568D1C15010B003E06C7 /* spi.c */; };
		5EAD57271C15010C003E06C7 /* timer.c in Sources */ = {isa = PBXBuildFile; fileRef = 5EAD56901C15010C003E06C7 /* timer.c */; };
		5EAD57291C15010C003E06C7 /* usart.c in Sources */ = {isa = PBXBuildFile; fileRef = 5EAD56931C15010C003E06C7 /* usart.c */; };
		5EAD572B1C15010C003E06C7 /* usb.c in Sources */ = {isa = PBXBuildFile; fileRef = 5EAD56961C15010C003E06C7 /* usb.c */; };
		5EAD572D1C15010C003E06C7 /* wifi.c in Sources */ = {isa = PBXBuildFile; fileRef = 5EAD56991C15010C003E06C7 /* wifi.c */; };
		5EAD572F1C15010C003E06C7 /* device.c in Sources */ = {isa = PBXBuildFile; fileRef = 5EAD569C1C15010C003E06C7 /* device.c */; };
		5EAD57311C15010C003E06C7 /* fmr.c in Sources */ = {isa = PBXBuildFile; fileRef = 5EAD569E1C15010C003E06C7 /* fmr.c */; };
		5EAD57331C15010C003E06C7 /* host.c in Sources */ = {isa = PBXBuildFile; fileRef = 5EAD56A01C15010C003E06C7 /* host.c */; };
		5EAD57361C15010C003E06C7 /* self.c in Sources */ = {isa = PBXBuildFile; fileRef = 5EAD56A31C15010C003E06C7 /* self.c */; };
		5EAD57381C15010C003E06C7 /* target.c in Sources */ = {isa = PBXBuildFile; fileRef = 5EAD56A51C15010C003E06C7 /* target.c */; };
		5EAD573A1C15010C003E06C7 /* init.c in Sources */ = {isa = PBXBuildFile; fileRef = 5EAD56A81C15010C003E06C7 /* init.c */; };
		5EAD573C1C15010C003E06C7 /* network.c in Sources */ = {isa = PBXBuildFile; fileRef = 5EAD56AE1C15010C003E06C7 /* network.c */; };
		5EAD57421C15010C003E06C7 /* at45.c in Sources */ = {isa = PBXBuildFile; fileRef = 5EAD56B71C15010C003E06C7 /* at45.c */; };
		5EAD57441C15010C003E06C7 /* button.c in Sources */ = {isa = PBXBuildFile; fileRef = 5EAD56BA1C15010C003E06C7 /* button.c */; };
		5EAD57461C15010C003E06C7 /* fdl.c in Sources */ = {isa = PBXBuildFile; fileRef = 5EAD56BD1C15010C003E06C7 /* fdl.c */; };
		5EAD57481C15010C003E06C7 /* crc.c in Sources */ = {isa = PBXBuildFile; fileRef = 5EAD56C01C15010C003E06C7 /* crc.c */; };
		5EAD574A1C15010C003E06C7 /* fs.c in Sources */ = {isa = PBXBuildFile; fileRef = 5EAD56C21C15010C003E06C7 /* fs.c */; };
		5EAD574C1C15010C003E06C7 /* tree.c in Sources */ = {isa = PBXBuildFile; fileRef = 5EAD56C41C15010C003E06C7 /* tree.c */; };
		5EAD574E1C15010C003E06C7 /* i2c.c in Sources */ = {isa = PBXBuildFile; fileRef = 5EAD56C71C15010C003E06C7 /* i2c.c */; };
		5EAD57501C15010C003E06C7 /* io.c in Sources */ = {isa = PBXBuildFile; fileRef = 5EAD56CA1C15010C003E06C7 /* io.c */; };
		5EAD57521C15010C003E06C7 /* led.c in Sources */ = {isa = PBXBuildFile; fileRef = 5EAD56CD1C15010C003E06C7 /* led.c */; };
		5EAD57541C15010C003E06C7 /* pwm.c in Sources */ = {isa = PBXBuildFile; fileRef = 5EAD56D01C15010C003E06C7 /* pwm.c */; };
		5EAD57561C15010C003E06C7 /* sam.c in Sources */ = {isa = PBXBuildFile; fileRef = 5EAD56D31C15010C003E06C7 /* sam.c */; };
		5EAD57581C15010C003E06C7 /* spi.c in Sources */ = {isa = PBXBuildFile; fileRef = 5EAD56D61C15010C003E06C7 /* spi.c */; };
		5EAD575A1C15010C003E06C7 /* timer.c in Sources */ = {isa = PBXBuildFile; fileRef = 5EAD56D91C15010C003E06C7 /* timer.c */; };
		5EAD575C1C15010C003E06C7 /* usart.c in Sources */ = {isa = PBXBuildFile; fileRef = 5EAD56DC1C15010C003E06C7 /* usart.c */; };
		5EAD575E1C15010C003E06C7 /* usb.c in Sources */ = {isa = PBXBuildFile; fileRef = 5EAD56DF1C15010C003E06C7 /* usb.c */; };
		5EAD57601C15010C003E06C7 /* wifi.c in Sources */ = {isa = PBXBuildFile; fileRef = 5EAD56E21C15010C003E06C7 /* wifi.c */; };
		5EAD57621C15010C003E06C7 /* fmr.c in Sources */ = {isa = PBXBuildFile; fileRef = 5EAD56E51C15010C003E06C7 /* fmr.c */; };
		5EAD57641C15010C003E06C7 /* at45.h in Headers */ = {isa = PBXBuildFile; fileRef = 5EAD56E91C15010C003E06C7 /* at45.h */; };
		5EAD57651C15010C003E06C7 /* button.h in Headers */ = {isa = PBXBuildFile; fileRef = 5EAD56EB1C15010C003E06C7 /* button.h */; };
		5EAD57661C15010C003E06C7 /* fdl.h in Headers */ = {isa = PBXBuildFile; fileRef = 5EAD56ED1C15010C003E06C7 /* fdl.h */; };
		5EAD57671C15010C003E06C7 /* flipper.h in Headers */ = {isa = PBXBuildFile; fileRef = 5EAD56EF1C15010C003E06C7 /* flipper.h */; };
		5EAD57681C15010C003E06C7 /* types.h in Headers */ = {isa = PBXBuildFile; fileRef = 5EAD56F01C15010C003E06C7 /* types.h */; };
		5EAD57691C15010C003E06C7 /* bus.h in Headers */ = {isa = PBXBuildFile; fileRef = 5EAD56F21C15010C003E06C7 /* bus.h */; };
		5EAD576A1C15010C003E06C7 /* fmr.h in Headers */ = {isa = PBXBuildFile; fileRef = 5EAD56F31C15010C003E06C7 /* fmr.h */; };
		5EAD576B1C15010C003E06C7 /* crc.h in Headers */ = {isa = PBXBuildFile; fileRef = 5EAD56F51C15010C003E06C7 /* crc.h */; };
		5EAD576C1C15010C003E06C7 /* fs.h in Headers */ = {isa = PBXBuildFile; fileRef = 5EAD56F61C15010C003E06C7 /* fs.h */; };
		5EAD576D1C15010C003E06C7 /* tree.h in Headers */ = {isa = PBXBuildFile; fileRef = 5EAD56F71C15010C003E06C7 /* tree.h */; };
		5EAD576E1C15010C003E06C7 /* i2c.h in Headers */ = {isa = PBXBuildFile; fileRef = 5EAD56F91C15010C003E06C7 /* i2c.h */; };
		5EAD576F1C15010C003E06C7 /* io.h in Headers */ = {isa = PBXBuildFile; fileRef = 5EAD56FB1C15010C003E06C7 /* io.h */; };
		5EAD57701C15010C003E06C7 /* led.h in Headers */ = {isa = PBXBuildFile; fileRef = 5EAD56FD1C15010C003E06C7 /* led.h */; };
		5EAD57711C15010C003E06C7 /* network.h in Headers */ = {isa = PBXBuildFile; fileRef = 5EAD56FF1C15010C003E06C7 /* network.h */; };
		5EAD57721C15010C003E06C7 /* pwm.h in Headers */ = {isa = PBXBuildFile; fileRef = 5EAD57011C15010C003E06C7 /* pwm.h */; };
		5EAD57731C15010C003E06C7 /* sam.h in Headers */ = {isa = PBXBuildFile; fileRef = 5EAD57031C15010C003E06C7 /* sam.h */; };
		5EAD57741C15010C003E06C7 /* spi.h in Headers */ = {isa = PBXBuildFile; fileRef = 5EAD57051C15010C003E06C7 /* spi.h */; };
		5EAD57751C15010C003E06C7 /* timer.h in Headers */ = {isa = PBXBuildFile; fileRef = 5EAD57071C15010C003E06C7 /* timer.h */; };
		5EAD57761C15010C003E06C7 /* usart.h in Headers */ = {isa = PBXBuildFile; fileRef = 5EAD57091C15010C003E06C7 /* usart.h */; };
		5EAD57771C15010C003E06C7 /* usb.h in Headers */ = {isa = PBXBuildFile; fileRef = 5EAD570B1C15010C003E06C7 /* usb.h */; };
		5EAD57781C15010C003E06C7 /* wifi.h in Headers */ = {isa = PBXBuildFile; fileRef = 5EAD570D1C15010C003E06C7 /* wifi.h */; };
		5EAD57791C15010C003E06C7 /* libflipper.h in Headers */ = {isa = PBXBuildFile; fileRef = 5EAD570F1C15010C003E06C7 /* libflipper.h */; };
		5EAD577A1C15010D003E06C7 /* fmr.h in Headers */ = {isa = PBXBuildFile; fileRef = 5EAD57111C15010C003E06C7 /* fmr.h */; };
		5EAD577C1C15013E003E06C7 /* dummy.c in Sources */ = {isa = PBXBuildFile; fileRef = 5EAD577B1C15013E003E06C7 /* dummy.c */; };
		5EAD577E1C150228003E06C7 /* libflipper.c in Sources */ = {isa = PBXBuildFile; fileRef = 5EAD577D1C150228003E06C7 /* libflipper.c */; };
/* End PBXBuildFile section */

/* Begin PBXCopyFilesBuildPhase section */
		5EAD561E1C14FAD3003E06C7 /* CopyFiles */ = {
			isa = PBXCopyFilesBuildPhase;
			buildActionMask = 2147483647;
			dstPath = Headers;
			dstSubfolderSpec = 1;
			files = (
			);
			runOnlyForDeploymentPostprocessing = 0;
		};
/* End PBXCopyFilesBuildPhase section */

/* Begin PBXFileReference section */
		5EAD53F31C14E8D9003E06C7 /* FlipperiOS.framework */ = {isa = PBXFileReference; explicitFileType = wrapper.framework; includeInIndex = 0; path = FlipperiOS.framework; sourceTree = BUILT_PRODUCTS_DIR; };
		5EAD53FE1C14E8EE003E06C7 /* FlipperiOS.h */ = {isa = PBXFileReference; fileEncoding = 4; lastKnownFileType = sourcecode.c.h; lineEnding = 0; path = FlipperiOS.h; sourceTree = "<group>"; xcLanguageSpecificationIdentifier = xcode.lang.objcpp; };
		5EAD53FF1C14E8EE003E06C7 /* Info.plist */ = {isa = PBXFileReference; fileEncoding = 4; lastKnownFileType = text.plist.xml; path = Info.plist; sourceTree = "<group>"; };
		5EAD56711C15010B003E06C7 /* at45.c */ = {isa = PBXFileReference; fileEncoding = 4; lastKnownFileType = sourcecode.c.c; path = at45.c; sourceTree = "<group>"; };
		5EAD56721C15010B003E06C7 /* at45.o */ = {isa = PBXFileReference; lastKnownFileType = "compiled.mach-o.objfile"; path = at45.o; sourceTree = "<group>"; };
		5EAD56741C15010B003E06C7 /* button.c */ = {isa = PBXFileReference; fileEncoding = 4; lastKnownFileType = sourcecode.c.c; path = button.c; sourceTree = "<group>"; };
		5EAD56751C15010B003E06C7 /* button.o */ = {isa = PBXFileReference; lastKnownFileType = "compiled.mach-o.objfile"; path = button.o; sourceTree = "<group>"; };
		5EAD56771C15010B003E06C7 /* fdl.c */ = {isa = PBXFileReference; fileEncoding = 4; lastKnownFileType = sourcecode.c.c; path = fdl.c; sourceTree = "<group>"; };
		5EAD56781C15010B003E06C7 /* fdl.o */ = {isa = PBXFileReference; lastKnownFileType = "compiled.mach-o.objfile"; path = fdl.o; sourceTree = "<group>"; };
		5EAD567A1C15010B003E06C7 /* fs.c */ = {isa = PBXFileReference; fileEncoding = 4; lastKnownFileType = sourcecode.c.c; path = fs.c; sourceTree = "<group>"; };
		5EAD567B1C15010B003E06C7 /* fs.o */ = {isa = PBXFileReference; lastKnownFileType = "compiled.mach-o.objfile"; path = fs.o; sourceTree = "<group>"; };
		5EAD567D1C15010B003E06C7 /* i2c.c */ = {isa = PBXFileReference; fileEncoding = 4; lastKnownFileType = sourcecode.c.c; path = i2c.c; sourceTree = "<group>"; };
		5EAD567E1C15010B003E06C7 /* i2c.o */ = {isa = PBXFileReference; lastKnownFileType = "compiled.mach-o.objfile"; path = i2c.o; sourceTree = "<group>"; };
		5EAD56801C15010B003E06C7 /* io.c */ = {isa = PBXFileReference; fileEncoding = 4; lastKnownFileType = sourcecode.c.c; path = io.c; sourceTree = "<group>"; };
		5EAD56811C15010B003E06C7 /* io.o */ = {isa = PBXFileReference; lastKnownFileType = "compiled.mach-o.objfile"; path = io.o; sourceTree = "<group>"; };
		5EAD56831C15010B003E06C7 /* led.c */ = {isa = PBXFileReference; fileEncoding = 4; lastKnownFileType = sourcecode.c.c; path = led.c; sourceTree = "<group>"; };
		5EAD56841C15010B003E06C7 /* led.o */ = {isa = PBXFileReference; lastKnownFileType = "compiled.mach-o.objfile"; path = led.o; sourceTree = "<group>"; };
		5EAD56861C15010B003E06C7 /* pwm.c */ = {isa = PBXFileReference; fileEncoding = 4; lastKnownFileType = sourcecode.c.c; path = pwm.c; sourceTree = "<group>"; };
		5EAD56871C15010B003E06C7 /* pwm.o */ = {isa = PBXFileReference; lastKnownFileType = "compiled.mach-o.objfile"; path = pwm.o; sourceTree = "<group>"; };
		5EAD56881C15010B003E06C7 /* README.md */ = {isa = PBXFileReference; fileEncoding = 4; lastKnownFileType = net.daringfireball.markdown; path = README.md; sourceTree = "<group>"; };
		5EAD568A1C15010B003E06C7 /* sam.c */ = {isa = PBXFileReference; fileEncoding = 4; lastKnownFileType = sourcecode.c.c; path = sam.c; sourceTree = "<group>"; };
		5EAD568B1C15010B003E06C7 /* sam.o */ = {isa = PBXFileReference; lastKnownFileType = "compiled.mach-o.objfile"; path = sam.o; sourceTree = "<group>"; };
		5EAD568D1C15010B003E06C7 /* spi.c */ = {isa = PBXFileReference; fileEncoding = 4; lastKnownFileType = sourcecode.c.c; path = spi.c; sourceTree = "<group>"; };
		5EAD568E1C15010B003E06C7 /* spi.o */ = {isa = PBXFileReference; lastKnownFileType = "compiled.mach-o.objfile"; path = spi.o; sourceTree = "<group>"; };
		5EAD56901C15010C003E06C7 /* timer.c */ = {isa = PBXFileReference; fileEncoding = 4; lastKnownFileType = sourcecode.c.c; path = timer.c; sourceTree = "<group>"; };
		5EAD56911C15010C003E06C7 /* timer.o */ = {isa = PBXFileReference; lastKnownFileType = "compiled.mach-o.objfile"; path = timer.o; sourceTree = "<group>"; };
		5EAD56931C15010C003E06C7 /* usart.c */ = {isa = PBXFileReference; fileEncoding = 4; lastKnownFileType = sourcecode.c.c; path = usart.c; sourceTree = "<group>"; };
		5EAD56941C15010C003E06C7 /* usart.o */ = {isa = PBXFileReference; lastKnownFileType = "compiled.mach-o.objfile"; path = usart.o; sourceTree = "<group>"; };
		5EAD56961C15010C003E06C7 /* usb.c */ = {isa = PBXFileReference; fileEncoding = 4; lastKnownFileType = sourcecode.c.c; path = usb.c; sourceTree = "<group>"; };
		5EAD56971C15010C003E06C7 /* usb.o */ = {isa = PBXFileReference; lastKnownFileType = "compiled.mach-o.objfile"; path = usb.o; sourceTree = "<group>"; };
		5EAD56991C15010C003E06C7 /* wifi.c */ = {isa = PBXFileReference; fileEncoding = 4; lastKnownFileType = sourcecode.c.c; path = wifi.c; sourceTree = "<group>"; };
		5EAD569A1C15010C003E06C7 /* wifi.o */ = {isa = PBXFileReference; lastKnownFileType = "compiled.mach-o.objfile"; path = wifi.o; sourceTree = "<group>"; };
		5EAD569C1C15010C003E06C7 /* device.c */ = {isa = PBXFileReference; fileEncoding = 4; lastKnownFileType = sourcecode.c.c; path = device.c; sourceTree = "<group>"; };
		5EAD569D1C15010C003E06C7 /* device.o */ = {isa = PBXFileReference; lastKnownFileType = "compiled.mach-o.objfile"; path = device.o; sourceTree = "<group>"; };
		5EAD569E1C15010C003E06C7 /* fmr.c */ = {isa = PBXFileReference; fileEncoding = 4; lastKnownFileType = sourcecode.c.c; path = fmr.c; sourceTree = "<group>"; };
		5EAD569F1C15010C003E06C7 /* fmr.o */ = {isa = PBXFileReference; lastKnownFileType = "compiled.mach-o.objfile"; path = fmr.o; sourceTree = "<group>"; };
		5EAD56A01C15010C003E06C7 /* host.c */ = {isa = PBXFileReference; fileEncoding = 4; lastKnownFileType = sourcecode.c.c; path = host.c; sourceTree = "<group>"; };
		5EAD56A11C15010C003E06C7 /* host.o */ = {isa = PBXFileReference; lastKnownFileType = "compiled.mach-o.objfile"; path = host.o; sourceTree = "<group>"; };
		5EAD56A21C15010C003E06C7 /* README.md */ = {isa = PBXFileReference; fileEncoding = 4; lastKnownFileType = net.daringfireball.markdown; path = README.md; sourceTree = "<group>"; };
		5EAD56A31C15010C003E06C7 /* self.c */ = {isa = PBXFileReference; fileEncoding = 4; lastKnownFileType = sourcecode.c.c; path = self.c; sourceTree = "<group>"; };
		5EAD56A41C15010C003E06C7 /* self.o */ = {isa = PBXFileReference; lastKnownFileType = "compiled.mach-o.objfile"; path = self.o; sourceTree = "<group>"; };
		5EAD56A51C15010C003E06C7 /* target.c */ = {isa = PBXFileReference; fileEncoding = 4; lastKnownFileType = sourcecode.c.c; path = target.c; sourceTree = "<group>"; };
		5EAD56A61C15010C003E06C7 /* target.o */ = {isa = PBXFileReference; lastKnownFileType = "compiled.mach-o.objfile"; path = target.o; sourceTree = "<group>"; };
		5EAD56A81C15010C003E06C7 /* init.c */ = {isa = PBXFileReference; fileEncoding = 4; lastKnownFileType = sourcecode.c.c; path = init.c; sourceTree = "<group>"; };
		5EAD56A91C15010C003E06C7 /* init.o */ = {isa = PBXFileReference; lastKnownFileType = "compiled.mach-o.objfile"; path = init.o; sourceTree = "<group>"; };
		5EAD56AE1C15010C003E06C7 /* network.c */ = {isa = PBXFileReference; fileEncoding = 4; lastKnownFileType = sourcecode.c.c; path = network.c; sourceTree = "<group>"; };
		5EAD56AF1C15010C003E06C7 /* network.o */ = {isa = PBXFileReference; lastKnownFileType = "compiled.mach-o.objfile"; path = network.o; sourceTree = "<group>"; };
		5EAD56B11C15010C003E06C7 /* debug.c */ = {isa = PBXFileReference; fileEncoding = 4; lastKnownFileType = sourcecode.c.c; path = debug.c; sourceTree = "<group>"; };
		5EAD56B21C15010C003E06C7 /* debug.o */ = {isa = PBXFileReference; lastKnownFileType = "compiled.mach-o.objfile"; path = debug.o; sourceTree = "<group>"; };
		5EAD56B31C15010C003E06C7 /* hid.c */ = {isa = PBXFileReference; fileEncoding = 4; lastKnownFileType = sourcecode.c.c; path = hid.c; sourceTree = "<group>"; };
		5EAD56B41C15010C003E06C7 /* hid.o */ = {isa = PBXFileReference; lastKnownFileType = "compiled.mach-o.objfile"; path = hid.o; sourceTree = "<group>"; };
		5EAD56B71C15010C003E06C7 /* at45.c */ = {isa = PBXFileReference; fileEncoding = 4; lastKnownFileType = sourcecode.c.c; path = at45.c; sourceTree = "<group>"; };
		5EAD56B81C15010C003E06C7 /* at45.o */ = {isa = PBXFileReference; lastKnownFileType = "compiled.mach-o.objfile"; path = at45.o; sourceTree = "<group>"; };
		5EAD56BA1C15010C003E06C7 /* button.c */ = {isa = PBXFileReference; fileEncoding = 4; lastKnownFileType = sourcecode.c.c; path = button.c; sourceTree = "<group>"; };
		5EAD56BB1C15010C003E06C7 /* button.o */ = {isa = PBXFileReference; lastKnownFileType = "compiled.mach-o.objfile"; path = button.o; sourceTree = "<group>"; };
		5EAD56BD1C15010C003E06C7 /* fdl.c */ = {isa = PBXFileReference; fileEncoding = 4; lastKnownFileType = sourcecode.c.c; path = fdl.c; sourceTree = "<group>"; };
		5EAD56BE1C15010C003E06C7 /* fdl.o */ = {isa = PBXFileReference; lastKnownFileType = "compiled.mach-o.objfile"; path = fdl.o; sourceTree = "<group>"; };
		5EAD56C01C15010C003E06C7 /* crc.c */ = {isa = PBXFileReference; fileEncoding = 4; lastKnownFileType = sourcecode.c.c; path = crc.c; sourceTree = "<group>"; };
		5EAD56C11C15010C003E06C7 /* crc.o */ = {isa = PBXFileReference; lastKnownFileType = "compiled.mach-o.objfile"; path = crc.o; sourceTree = "<group>"; };
		5EAD56C21C15010C003E06C7 /* fs.c */ = {isa = PBXFileReference; fileEncoding = 4; lastKnownFileType = sourcecode.c.c; path = fs.c; sourceTree = "<group>"; };
		5EAD56C31C15010C003E06C7 /* fs.o */ = {isa = PBXFileReference; lastKnownFileType = "compiled.mach-o.objfile"; path = fs.o; sourceTree = "<group>"; };
		5EAD56C41C15010C003E06C7 /* tree.c */ = {isa = PBXFileReference; fileEncoding = 4; lastKnownFileType = sourcecode.c.c; path = tree.c; sourceTree = "<group>"; };
		5EAD56C51C15010C003E06C7 /* tree.o */ = {isa = PBXFileReference; lastKnownFileType = "compiled.mach-o.objfile"; path = tree.o; sourceTree = "<group>"; };
		5EAD56C71C15010C003E06C7 /* i2c.c */ = {isa = PBXFileReference; fileEncoding = 4; lastKnownFileType = sourcecode.c.c; path = i2c.c; sourceTree = "<group>"; };
		5EAD56C81C15010C003E06C7 /* i2c.o */ = {isa = PBXFileReference; lastKnownFileType = "compiled.mach-o.objfile"; path = i2c.o; sourceTree = "<group>"; };
		5EAD56CA1C15010C003E06C7 /* io.c */ = {isa = PBXFileReference; fileEncoding = 4; lastKnownFileType = sourcecode.c.c; path = io.c; sourceTree = "<group>"; };
		5EAD56CB1C15010C003E06C7 /* io.o */ = {isa = PBXFileReference; lastKnownFileType = "compiled.mach-o.objfile"; path = io.o; sourceTree = "<group>"; };
		5EAD56CD1C15010C003E06C7 /* led.c */ = {isa = PBXFileReference; fileEncoding = 4; lastKnownFileType = sourcecode.c.c; path = led.c; sourceTree = "<group>"; };
		5EAD56CE1C15010C003E06C7 /* led.o */ = {isa = PBXFileReference; lastKnownFileType = "compiled.mach-o.objfile"; path = led.o; sourceTree = "<group>"; };
		5EAD56D01C15010C003E06C7 /* pwm.c */ = {isa = PBXFileReference; fileEncoding = 4; lastKnownFileType = sourcecode.c.c; path = pwm.c; sourceTree = "<group>"; };
		5EAD56D11C15010C003E06C7 /* pwm.o */ = {isa = PBXFileReference; lastKnownFileType = "compiled.mach-o.objfile"; path = pwm.o; sourceTree = "<group>"; };
		5EAD56D31C15010C003E06C7 /* sam.c */ = {isa = PBXFileReference; fileEncoding = 4; lastKnownFileType = sourcecode.c.c; path = sam.c; sourceTree = "<group>"; };
		5EAD56D41C15010C003E06C7 /* sam.o */ = {isa = PBXFileReference; lastKnownFileType = "compiled.mach-o.objfile"; path = sam.o; sourceTree = "<group>"; };
		5EAD56D61C15010C003E06C7 /* spi.c */ = {isa = PBXFileReference; fileEncoding = 4; lastKnownFileType = sourcecode.c.c; path = spi.c; sourceTree = "<group>"; };
		5EAD56D71C15010C003E06C7 /* spi.o */ = {isa = PBXFileReference; lastKnownFileType = "compiled.mach-o.objfile"; path = spi.o; sourceTree = "<group>"; };
		5EAD56D91C15010C003E06C7 /* timer.c */ = {isa = PBXFileReference; fileEncoding = 4; lastKnownFileType = sourcecode.c.c; path = timer.c; sourceTree = "<group>"; };
		5EAD56DA1C15010C003E06C7 /* timer.o */ = {isa = PBXFileReference; lastKnownFileType = "compiled.mach-o.objfile"; path = timer.o; sourceTree = "<group>"; };
		5EAD56DC1C15010C003E06C7 /* usart.c */ = {isa = PBXFileReference; fileEncoding = 4; lastKnownFileType = sourcecode.c.c; path = usart.c; sourceTree = "<group>"; };
		5EAD56DD1C15010C003E06C7 /* usart.o */ = {isa = PBXFileReference; lastKnownFileType = "compiled.mach-o.objfile"; path = usart.o; sourceTree = "<group>"; };
		5EAD56DF1C15010C003E06C7 /* usb.c */ = {isa = PBXFileReference; fileEncoding = 4; lastKnownFileType = sourcecode.c.c; path = usb.c; sourceTree = "<group>"; };
		5EAD56E01C15010C003E06C7 /* usb.o */ = {isa = PBXFileReference; lastKnownFileType = "compiled.mach-o.objfile"; path = usb.o; sourceTree = "<group>"; };
		5EAD56E21C15010C003E06C7 /* wifi.c */ = {isa = PBXFileReference; fileEncoding = 4; lastKnownFileType = sourcecode.c.c; path = wifi.c; sourceTree = "<group>"; };
		5EAD56E31C15010C003E06C7 /* wifi.o */ = {isa = PBXFileReference; lastKnownFileType = "compiled.mach-o.objfile"; path = wifi.o; sourceTree = "<group>"; };
		5EAD56E51C15010C003E06C7 /* fmr.c */ = {isa = PBXFileReference; fileEncoding = 4; lastKnownFileType = sourcecode.c.c; path = fmr.c; sourceTree = "<group>"; };
		5EAD56E61C15010C003E06C7 /* fmr.o */ = {isa = PBXFileReference; lastKnownFileType = "compiled.mach-o.objfile"; path = fmr.o; sourceTree = "<group>"; };
		5EAD56E91C15010C003E06C7 /* at45.h */ = {isa = PBXFileReference; fileEncoding = 4; lastKnownFileType = sourcecode.c.h; path = at45.h; sourceTree = "<group>"; };
		5EAD56EB1C15010C003E06C7 /* button.h */ = {isa = PBXFileReference; fileEncoding = 4; lastKnownFileType = sourcecode.c.h; path = button.h; sourceTree = "<group>"; };
		5EAD56ED1C15010C003E06C7 /* fdl.h */ = {isa = PBXFileReference; fileEncoding = 4; lastKnownFileType = sourcecode.c.h; path = fdl.h; sourceTree = "<group>"; };
		5EAD56EF1C15010C003E06C7 /* flipper.h */ = {isa = PBXFileReference; fileEncoding = 4; lastKnownFileType = sourcecode.c.h; path = flipper.h; sourceTree = "<group>"; };
		5EAD56F01C15010C003E06C7 /* types.h */ = {isa = PBXFileReference; fileEncoding = 4; lastKnownFileType = sourcecode.c.h; path = types.h; sourceTree = "<group>"; };
		5EAD56F21C15010C003E06C7 /* bus.h */ = {isa = PBXFileReference; fileEncoding = 4; lastKnownFileType = sourcecode.c.h; path = bus.h; sourceTree = "<group>"; };
		5EAD56F31C15010C003E06C7 /* fmr.h */ = {isa = PBXFileReference; fileEncoding = 4; lastKnownFileType = sourcecode.c.h; path = fmr.h; sourceTree = "<group>"; };
		5EAD56F51C15010C003E06C7 /* crc.h */ = {isa = PBXFileReference; fileEncoding = 4; lastKnownFileType = sourcecode.c.h; path = crc.h; sourceTree = "<group>"; };
		5EAD56F61C15010C003E06C7 /* fs.h */ = {isa = PBXFileReference; fileEncoding = 4; lastKnownFileType = sourcecode.c.h; path = fs.h; sourceTree = "<group>"; };
		5EAD56F71C15010C003E06C7 /* tree.h */ = {isa = PBXFileReference; fileEncoding = 4; lastKnownFileType = sourcecode.c.h; path = tree.h; sourceTree = "<group>"; };
		5EAD56F91C15010C003E06C7 /* i2c.h */ = {isa = PBXFileReference; fileEncoding = 4; lastKnownFileType = sourcecode.c.h; path = i2c.h; sourceTree = "<group>"; };
		5EAD56FB1C15010C003E06C7 /* io.h */ = {isa = PBXFileReference; fileEncoding = 4; lastKnownFileType = sourcecode.c.h; path = io.h; sourceTree = "<group>"; };
		5EAD56FD1C15010C003E06C7 /* led.h */ = {isa = PBXFileReference; fileEncoding = 4; lastKnownFileType = sourcecode.c.h; path = led.h; sourceTree = "<group>"; };
		5EAD56FF1C15010C003E06C7 /* network.h */ = {isa = PBXFileReference; fileEncoding = 4; lastKnownFileType = sourcecode.c.h; path = network.h; sourceTree = "<group>"; };
		5EAD57011C15010C003E06C7 /* pwm.h */ = {isa = PBXFileReference; fileEncoding = 4; lastKnownFileType = sourcecode.c.h; path = pwm.h; sourceTree = "<group>"; };
		5EAD57031C15010C003E06C7 /* sam.h */ = {isa = PBXFileReference; fileEncoding = 4; lastKnownFileType = sourcecode.c.h; path = sam.h; sourceTree = "<group>"; };
		5EAD57051C15010C003E06C7 /* spi.h */ = {isa = PBXFileReference; fileEncoding = 4; lastKnownFileType = sourcecode.c.h; path = spi.h; sourceTree = "<group>"; };
		5EAD57071C15010C003E06C7 /* timer.h */ = {isa = PBXFileReference; fileEncoding = 4; lastKnownFileType = sourcecode.c.h; path = timer.h; sourceTree = "<group>"; };
		5EAD57091C15010C003E06C7 /* usart.h */ = {isa = PBXFileReference; fileEncoding = 4; lastKnownFileType = sourcecode.c.h; path = usart.h; sourceTree = "<group>"; };
		5EAD570B1C15010C003E06C7 /* usb.h */ = {isa = PBXFileReference; fileEncoding = 4; lastKnownFileType = sourcecode.c.h; path = usb.h; sourceTree = "<group>"; };
		5EAD570D1C15010C003E06C7 /* wifi.h */ = {isa = PBXFileReference; fileEncoding = 4; lastKnownFileType = sourcecode.c.h; path = wifi.h; sourceTree = "<group>"; };
		5EAD570F1C15010C003E06C7 /* libflipper.h */ = {isa = PBXFileReference; fileEncoding = 4; lastKnownFileType = sourcecode.c.h; path = libflipper.h; sourceTree = "<group>"; };
		5EAD57111C15010C003E06C7 /* fmr.h */ = {isa = PBXFileReference; fileEncoding = 4; lastKnownFileType = sourcecode.c.h; path = fmr.h; sourceTree = "<group>"; };
		5EAD577B1C15013E003E06C7 /* dummy.c */ = {isa = PBXFileReference; fileEncoding = 4; lastKnownFileType = sourcecode.c.c; path = dummy.c; sourceTree = "<group>"; };
		5EAD577D1C150228003E06C7 /* libflipper.c */ = {isa = PBXFileReference; fileEncoding = 4; lastKnownFileType = sourcecode.c.c; path = libflipper.c; sourceTree = "<group>"; };
/* End PBXFileReference section */

/* Begin PBXFrameworksBuildPhase section */
		5EAD53EF1C14E8D9003E06C7 /* Frameworks */ = {
			isa = PBXFrameworksBuildPhase;
			buildActionMask = 2147483647;
			files = (
			);
			runOnlyForDeploymentPostprocessing = 0;
		};
/* End PBXFrameworksBuildPhase section */

/* Begin PBXGroup section */
		5EAD53E91C14E8D9003E06C7 = {
			isa = PBXGroup;
			children = (
				5EAD54B71C14F143003E06C7 /* libflipper */,
				5EAD54401C14EA80003E06C7 /* resources */,
				5EAD53F41C14E8D9003E06C7 /* products */,
			);
			sourceTree = "<group>";
		};
		5EAD53F41C14E8D9003E06C7 /* products */ = {
			isa = PBXGroup;
			children = (
				5EAD53F31C14E8D9003E06C7 /* FlipperiOS.framework */,
			);
			name = products;
			sourceTree = "<group>";
		};
		5EAD54401C14EA80003E06C7 /* resources */ = {
			isa = PBXGroup;
			children = (
				5EAD53FE1C14E8EE003E06C7 /* FlipperiOS.h */,
				5EAD53FF1C14E8EE003E06C7 /* Info.plist */,
			);
			name = resources;
			sourceTree = "<group>";
		};
		5EAD54B71C14F143003E06C7 /* libflipper */ = {
			isa = PBXGroup;
			children = (
				5EAD577D1C150228003E06C7 /* libflipper.c */,
				5EAD577B1C15013E003E06C7 /* dummy.c */,
				5EAD566E1C15010B003E06C7 /* common */,
				5EAD56AC1C15010C003E06C7 /* darwin */,
				5EAD56B51C15010C003E06C7 /* drivers */,
				5EAD56E41C15010C003E06C7 /* fmr */,
				5EAD56E71C15010C003E06C7 /* headers */,
				5EAD570E1C15010C003E06C7 /* include */,
			);
			name = libflipper;
			sourceTree = "<group>";
		};
		5EAD566E1C15010B003E06C7 /* common */ = {
			isa = PBXGroup;
			children = (
				5EAD566F1C15010B003E06C7 /* drivers */,
				5EAD569B1C15010C003E06C7 /* fmr */,
				5EAD56A71C15010C003E06C7 /* init */,
				5EAD56AA1C15010C003E06C7 /* modules */,
			);
			path = common;
			sourceTree = "<group>";
		};
		5EAD566F1C15010B003E06C7 /* drivers */ = {
			isa = PBXGroup;
			children = (
				5EAD56701C15010B003E06C7 /* at45 */,
				5EAD56731C15010B003E06C7 /* button */,
				5EAD56761C15010B003E06C7 /* fdl */,
				5EAD56791C15010B003E06C7 /* fs */,
				5EAD567C1C15010B003E06C7 /* i2c */,
				5EAD567F1C15010B003E06C7 /* io */,
				5EAD56821C15010B003E06C7 /* led */,
				5EAD56851C15010B003E06C7 /* pwm */,
				5EAD56881C15010B003E06C7 /* README.md */,
				5EAD56891C15010B003E06C7 /* sam */,
				5EAD568C1C15010B003E06C7 /* spi */,
				5EAD568F1C15010C003E06C7 /* timer */,
				5EAD56921C15010C003E06C7 /* usart */,
				5EAD56951C15010C003E06C7 /* usb */,
				5EAD56981C15010C003E06C7 /* wifi */,
			);
			path = drivers;
			sourceTree = "<group>";
		};
		5EAD56701C15010B003E06C7 /* at45 */ = {
			isa = PBXGroup;
			children = (
				5EAD56711C15010B003E06C7 /* at45.c */,
				5EAD56721C15010B003E06C7 /* at45.o */,
			);
			path = at45;
			sourceTree = "<group>";
		};
		5EAD56731C15010B003E06C7 /* button */ = {
			isa = PBXGroup;
			children = (
				5EAD56741C15010B003E06C7 /* button.c */,
				5EAD56751C15010B003E06C7 /* button.o */,
			);
			path = button;
			sourceTree = "<group>";
		};
		5EAD56761C15010B003E06C7 /* fdl */ = {
			isa = PBXGroup;
			children = (
				5EAD56771C15010B003E06C7 /* fdl.c */,
				5EAD56781C15010B003E06C7 /* fdl.o */,
			);
			path = fdl;
			sourceTree = "<group>";
		};
		5EAD56791C15010B003E06C7 /* fs */ = {
			isa = PBXGroup;
			children = (
				5EAD567A1C15010B003E06C7 /* fs.c */,
				5EAD567B1C15010B003E06C7 /* fs.o */,
			);
			path = fs;
			sourceTree = "<group>";
		};
		5EAD567C1C15010B003E06C7 /* i2c */ = {
			isa = PBXGroup;
			children = (
				5EAD567D1C15010B003E06C7 /* i2c.c */,
				5EAD567E1C15010B003E06C7 /* i2c.o */,
			);
			path = i2c;
			sourceTree = "<group>";
		};
		5EAD567F1C15010B003E06C7 /* io */ = {
			isa = PBXGroup;
			children = (
				5EAD56801C15010B003E06C7 /* io.c */,
				5EAD56811C15010B003E06C7 /* io.o */,
			);
			path = io;
			sourceTree = "<group>";
		};
		5EAD56821C15010B003E06C7 /* led */ = {
			isa = PBXGroup;
			children = (
				5EAD56831C15010B003E06C7 /* led.c */,
				5EAD56841C15010B003E06C7 /* led.o */,
			);
			path = led;
			sourceTree = "<group>";
		};
		5EAD56851C15010B003E06C7 /* pwm */ = {
			isa = PBXGroup;
			children = (
				5EAD56861C15010B003E06C7 /* pwm.c */,
				5EAD56871C15010B003E06C7 /* pwm.o */,
			);
			path = pwm;
			sourceTree = "<group>";
		};
		5EAD56891C15010B003E06C7 /* sam */ = {
			isa = PBXGroup;
			children = (
				5EAD568A1C15010B003E06C7 /* sam.c */,
				5EAD568B1C15010B003E06C7 /* sam.o */,
			);
			path = sam;
			sourceTree = "<group>";
		};
		5EAD568C1C15010B003E06C7 /* spi */ = {
			isa = PBXGroup;
			children = (
				5EAD568D1C15010B003E06C7 /* spi.c */,
				5EAD568E1C15010B003E06C7 /* spi.o */,
			);
			path = spi;
			sourceTree = "<group>";
		};
		5EAD568F1C15010C003E06C7 /* timer */ = {
			isa = PBXGroup;
			children = (
				5EAD56901C15010C003E06C7 /* timer.c */,
				5EAD56911C15010C003E06C7 /* timer.o */,
			);
			path = timer;
			sourceTree = "<group>";
		};
		5EAD56921C15010C003E06C7 /* usart */ = {
			isa = PBXGroup;
			children = (
				5EAD56931C15010C003E06C7 /* usart.c */,
				5EAD56941C15010C003E06C7 /* usart.o */,
			);
			path = usart;
			sourceTree = "<group>";
		};
		5EAD56951C15010C003E06C7 /* usb */ = {
			isa = PBXGroup;
			children = (
				5EAD56961C15010C003E06C7 /* usb.c */,
				5EAD56971C15010C003E06C7 /* usb.o */,
			);
			path = usb;
			sourceTree = "<group>";
		};
		5EAD56981C15010C003E06C7 /* wifi */ = {
			isa = PBXGroup;
			children = (
				5EAD56991C15010C003E06C7 /* wifi.c */,
				5EAD569A1C15010C003E06C7 /* wifi.o */,
			);
			path = wifi;
			sourceTree = "<group>";
		};
		5EAD569B1C15010C003E06C7 /* fmr */ = {
			isa = PBXGroup;
			children = (
				5EAD569C1C15010C003E06C7 /* device.c */,
				5EAD569D1C15010C003E06C7 /* device.o */,
				5EAD569E1C15010C003E06C7 /* fmr.c */,
				5EAD569F1C15010C003E06C7 /* fmr.o */,
				5EAD56A01C15010C003E06C7 /* host.c */,
				5EAD56A11C15010C003E06C7 /* host.o */,
				5EAD56A21C15010C003E06C7 /* README.md */,
				5EAD56A31C15010C003E06C7 /* self.c */,
				5EAD56A41C15010C003E06C7 /* self.o */,
				5EAD56A51C15010C003E06C7 /* target.c */,
				5EAD56A61C15010C003E06C7 /* target.o */,
			);
			path = fmr;
			sourceTree = "<group>";
		};
		5EAD56A71C15010C003E06C7 /* init */ = {
			isa = PBXGroup;
			children = (
				5EAD56A81C15010C003E06C7 /* init.c */,
				5EAD56A91C15010C003E06C7 /* init.o */,
			);
			path = init;
			sourceTree = "<group>";
		};
		5EAD56AA1C15010C003E06C7 /* modules */ = {
			isa = PBXGroup;
			children = (
				5EAD56AB1C15010C003E06C7 /* bme280 */,
			);
			path = modules;
			sourceTree = "<group>";
		};
		5EAD56AB1C15010C003E06C7 /* bme280 */ = {
			isa = PBXGroup;
			children = (
			);
			path = bme280;
			sourceTree = "<group>";
		};
		5EAD56AC1C15010C003E06C7 /* darwin */ = {
			isa = PBXGroup;
			children = (
				5EAD56AD1C15010C003E06C7 /* network */,
				5EAD56B01C15010C003E06C7 /* usb */,
			);
			path = darwin;
			sourceTree = "<group>";
		};
		5EAD56AD1C15010C003E06C7 /* network */ = {
			isa = PBXGroup;
			children = (
				5EAD56AE1C15010C003E06C7 /* network.c */,
				5EAD56AF1C15010C003E06C7 /* network.o */,
			);
			path = network;
			sourceTree = "<group>";
		};
		5EAD56B01C15010C003E06C7 /* usb */ = {
			isa = PBXGroup;
			children = (
				5EAD56B11C15010C003E06C7 /* debug.c */,
				5EAD56B21C15010C003E06C7 /* debug.o */,
				5EAD56B31C15010C003E06C7 /* hid.c */,
				5EAD56B41C15010C003E06C7 /* hid.o */,
			);
			path = usb;
			sourceTree = "<group>";
		};
		5EAD56B51C15010C003E06C7 /* drivers */ = {
			isa = PBXGroup;
			children = (
				5EAD56B61C15010C003E06C7 /* at45 */,
				5EAD56B91C15010C003E06C7 /* button */,
				5EAD56BC1C15010C003E06C7 /* fdl */,
				5EAD56BF1C15010C003E06C7 /* fs */,
				5EAD56C61C15010C003E06C7 /* i2c */,
				5EAD56C91C15010C003E06C7 /* io */,
				5EAD56CC1C15010C003E06C7 /* led */,
				5EAD56CF1C15010C003E06C7 /* pwm */,
				5EAD56D21C15010C003E06C7 /* sam */,
				5EAD56D51C15010C003E06C7 /* spi */,
				5EAD56D81C15010C003E06C7 /* timer */,
				5EAD56DB1C15010C003E06C7 /* usart */,
				5EAD56DE1C15010C003E06C7 /* usb */,
				5EAD56E11C15010C003E06C7 /* wifi */,
			);
			path = drivers;
			sourceTree = "<group>";
		};
		5EAD56B61C15010C003E06C7 /* at45 */ = {
			isa = PBXGroup;
			children = (
				5EAD56B71C15010C003E06C7 /* at45.c */,
				5EAD56B81C15010C003E06C7 /* at45.o */,
			);
			path = at45;
			sourceTree = "<group>";
		};
		5EAD56B91C15010C003E06C7 /* button */ = {
			isa = PBXGroup;
			children = (
				5EAD56BA1C15010C003E06C7 /* button.c */,
				5EAD56BB1C15010C003E06C7 /* button.o */,
			);
			path = button;
			sourceTree = "<group>";
		};
		5EAD56BC1C15010C003E06C7 /* fdl */ = {
			isa = PBXGroup;
			children = (
				5EAD56BD1C15010C003E06C7 /* fdl.c */,
				5EAD56BE1C15010C003E06C7 /* fdl.o */,
			);
			path = fdl;
			sourceTree = "<group>";
		};
		5EAD56BF1C15010C003E06C7 /* fs */ = {
			isa = PBXGroup;
			children = (
				5EAD56C01C15010C003E06C7 /* crc.c */,
				5EAD56C11C15010C003E06C7 /* crc.o */,
				5EAD56C21C15010C003E06C7 /* fs.c */,
				5EAD56C31C15010C003E06C7 /* fs.o */,
				5EAD56C41C15010C003E06C7 /* tree.c */,
				5EAD56C51C15010C003E06C7 /* tree.o */,
			);
			path = fs;
			sourceTree = "<group>";
		};
		5EAD56C61C15010C003E06C7 /* i2c */ = {
			isa = PBXGroup;
			children = (
				5EAD56C71C15010C003E06C7 /* i2c.c */,
				5EAD56C81C15010C003E06C7 /* i2c.o */,
			);
			path = i2c;
			sourceTree = "<group>";
		};
		5EAD56C91C15010C003E06C7 /* io */ = {
			isa = PBXGroup;
			children = (
				5EAD56CA1C15010C003E06C7 /* io.c */,
				5EAD56CB1C15010C003E06C7 /* io.o */,
			);
			path = io;
			sourceTree = "<group>";
		};
		5EAD56CC1C15010C003E06C7 /* led */ = {
			isa = PBXGroup;
			children = (
				5EAD56CD1C15010C003E06C7 /* led.c */,
				5EAD56CE1C15010C003E06C7 /* led.o */,
			);
			path = led;
			sourceTree = "<group>";
		};
		5EAD56CF1C15010C003E06C7 /* pwm */ = {
			isa = PBXGroup;
			children = (
				5EAD56D01C15010C003E06C7 /* pwm.c */,
				5EAD56D11C15010C003E06C7 /* pwm.o */,
			);
			path = pwm;
			sourceTree = "<group>";
		};
		5EAD56D21C15010C003E06C7 /* sam */ = {
			isa = PBXGroup;
			children = (
				5EAD56D31C15010C003E06C7 /* sam.c */,
				5EAD56D41C15010C003E06C7 /* sam.o */,
			);
			path = sam;
			sourceTree = "<group>";
		};
		5EAD56D51C15010C003E06C7 /* spi */ = {
			isa = PBXGroup;
			children = (
				5EAD56D61C15010C003E06C7 /* spi.c */,
				5EAD56D71C15010C003E06C7 /* spi.o */,
			);
			path = spi;
			sourceTree = "<group>";
		};
		5EAD56D81C15010C003E06C7 /* timer */ = {
			isa = PBXGroup;
			children = (
				5EAD56D91C15010C003E06C7 /* timer.c */,
				5EAD56DA1C15010C003E06C7 /* timer.o */,
			);
			path = timer;
			sourceTree = "<group>";
		};
		5EAD56DB1C15010C003E06C7 /* usart */ = {
			isa = PBXGroup;
			children = (
				5EAD56DC1C15010C003E06C7 /* usart.c */,
				5EAD56DD1C15010C003E06C7 /* usart.o */,
			);
			path = usart;
			sourceTree = "<group>";
		};
		5EAD56DE1C15010C003E06C7 /* usb */ = {
			isa = PBXGroup;
			children = (
				5EAD56DF1C15010C003E06C7 /* usb.c */,
				5EAD56E01C15010C003E06C7 /* usb.o */,
			);
			path = usb;
			sourceTree = "<group>";
		};
		5EAD56E11C15010C003E06C7 /* wifi */ = {
			isa = PBXGroup;
			children = (
				5EAD56E21C15010C003E06C7 /* wifi.c */,
				5EAD56E31C15010C003E06C7 /* wifi.o */,
			);
			path = wifi;
			sourceTree = "<group>";
		};
		5EAD56E41C15010C003E06C7 /* fmr */ = {
			isa = PBXGroup;
			children = (
				5EAD56E51C15010C003E06C7 /* fmr.c */,
				5EAD56E61C15010C003E06C7 /* fmr.o */,
			);
			path = fmr;
			sourceTree = "<group>";
		};
		5EAD56E71C15010C003E06C7 /* headers */ = {
			isa = PBXGroup;
			children = (
				5EAD56E81C15010C003E06C7 /* at45 */,
				5EAD56EA1C15010C003E06C7 /* button */,
				5EAD56EC1C15010C003E06C7 /* fdl */,
				5EAD56EE1C15010C003E06C7 /* flipper */,
				5EAD56F11C15010C003E06C7 /* fmr */,
				5EAD56F41C15010C003E06C7 /* fs */,
				5EAD56F81C15010C003E06C7 /* i2c */,
				5EAD56FA1C15010C003E06C7 /* io */,
				5EAD56FC1C15010C003E06C7 /* led */,
				5EAD56FE1C15010C003E06C7 /* network */,
				5EAD57001C15010C003E06C7 /* pwm */,
				5EAD57021C15010C003E06C7 /* sam */,
				5EAD57041C15010C003E06C7 /* spi */,
				5EAD57061C15010C003E06C7 /* timer */,
				5EAD57081C15010C003E06C7 /* usart */,
				5EAD570A1C15010C003E06C7 /* usb */,
				5EAD570C1C15010C003E06C7 /* wifi */,
			);
			path = headers;
			sourceTree = "<group>";
		};
		5EAD56E81C15010C003E06C7 /* at45 */ = {
			isa = PBXGroup;
			children = (
				5EAD56E91C15010C003E06C7 /* at45.h */,
			);
			path = at45;
			sourceTree = "<group>";
		};
		5EAD56EA1C15010C003E06C7 /* button */ = {
			isa = PBXGroup;
			children = (
				5EAD56EB1C15010C003E06C7 /* button.h */,
			);
			path = button;
			sourceTree = "<group>";
		};
		5EAD56EC1C15010C003E06C7 /* fdl */ = {
			isa = PBXGroup;
			children = (
				5EAD56ED1C15010C003E06C7 /* fdl.h */,
			);
			path = fdl;
			sourceTree = "<group>";
		};
		5EAD56EE1C15010C003E06C7 /* flipper */ = {
			isa = PBXGroup;
			children = (
				5EAD56EF1C15010C003E06C7 /* flipper.h */,
				5EAD56F01C15010C003E06C7 /* types.h */,
			);
			path = flipper;
			sourceTree = "<group>";
		};
		5EAD56F11C15010C003E06C7 /* fmr */ = {
			isa = PBXGroup;
			children = (
				5EAD56F21C15010C003E06C7 /* bus.h */,
				5EAD56F31C15010C003E06C7 /* fmr.h */,
			);
			path = fmr;
			sourceTree = "<group>";
		};
		5EAD56F41C15010C003E06C7 /* fs */ = {
			isa = PBXGroup;
			children = (
				5EAD56F51C15010C003E06C7 /* crc.h */,
				5EAD56F61C15010C003E06C7 /* fs.h */,
				5EAD56F71C15010C003E06C7 /* tree.h */,
			);
			path = fs;
			sourceTree = "<group>";
		};
		5EAD56F81C15010C003E06C7 /* i2c */ = {
			isa = PBXGroup;
			children = (
				5EAD56F91C15010C003E06C7 /* i2c.h */,
			);
			path = i2c;
			sourceTree = "<group>";
		};
		5EAD56FA1C15010C003E06C7 /* io */ = {
			isa = PBXGroup;
			children = (
				5EAD56FB1C15010C003E06C7 /* io.h */,
			);
			path = io;
			sourceTree = "<group>";
		};
		5EAD56FC1C15010C003E06C7 /* led */ = {
			isa = PBXGroup;
			children = (
				5EAD56FD1C15010C003E06C7 /* led.h */,
			);
			path = led;
			sourceTree = "<group>";
		};
		5EAD56FE1C15010C003E06C7 /* network */ = {
			isa = PBXGroup;
			children = (
				5EAD56FF1C15010C003E06C7 /* network.h */,
			);
			path = network;
			sourceTree = "<group>";
		};
		5EAD57001C15010C003E06C7 /* pwm */ = {
			isa = PBXGroup;
			children = (
				5EAD57011C15010C003E06C7 /* pwm.h */,
			);
			path = pwm;
			sourceTree = "<group>";
		};
		5EAD57021C15010C003E06C7 /* sam */ = {
			isa = PBXGroup;
			children = (
				5EAD57031C15010C003E06C7 /* sam.h */,
			);
			path = sam;
			sourceTree = "<group>";
		};
		5EAD57041C15010C003E06C7 /* spi */ = {
			isa = PBXGroup;
			children = (
				5EAD57051C15010C003E06C7 /* spi.h */,
			);
			path = spi;
			sourceTree = "<group>";
		};
		5EAD57061C15010C003E06C7 /* timer */ = {
			isa = PBXGroup;
			children = (
				5EAD57071C15010C003E06C7 /* timer.h */,
			);
			path = timer;
			sourceTree = "<group>";
		};
		5EAD57081C15010C003E06C7 /* usart */ = {
			isa = PBXGroup;
			children = (
				5EAD57091C15010C003E06C7 /* usart.h */,
			);
			path = usart;
			sourceTree = "<group>";
		};
		5EAD570A1C15010C003E06C7 /* usb */ = {
			isa = PBXGroup;
			children = (
				5EAD570B1C15010C003E06C7 /* usb.h */,
			);
			path = usb;
			sourceTree = "<group>";
		};
		5EAD570C1C15010C003E06C7 /* wifi */ = {
			isa = PBXGroup;
			children = (
				5EAD570D1C15010C003E06C7 /* wifi.h */,
			);
			path = wifi;
			sourceTree = "<group>";
		};
		5EAD570E1C15010C003E06C7 /* include */ = {
			isa = PBXGroup;
			children = (
				5EAD570F1C15010C003E06C7 /* libflipper.h */,
				5EAD57101C15010C003E06C7 /* platform */,
			);
			path = include;
			sourceTree = "<group>";
		};
		5EAD57101C15010C003E06C7 /* platform */ = {
			isa = PBXGroup;
			children = (
				5EAD57111C15010C003E06C7 /* fmr.h */,
			);
			path = platform;
			sourceTree = "<group>";
		};
/* End PBXGroup section */

/* Begin PBXHeadersBuildPhase section */
		5EAD53F01C14E8D9003E06C7 /* Headers */ = {
			isa = PBXHeadersBuildPhase;
			buildActionMask = 2147483647;
			files = (
				5EAD577A1C15010D003E06C7 /* fmr.h in Headers */,
				5EAD576A1C15010C003E06C7 /* fmr.h in Headers */,
				5EAD57681C15010C003E06C7 /* types.h in Headers */,
				5EAD57731C15010C003E06C7 /* sam.h in Headers */,
				5EAD57671C15010C003E06C7 /* flipper.h in Headers */,
				5EAD576F1C15010C003E06C7 /* io.h in Headers */,
				5EAD57641C15010C003E06C7 /* at45.h in Headers */,
				5EAD57771C15010C003E06C7 /* usb.h in Headers */,
				5EAD57791C15010C003E06C7 /* libflipper.h in Headers */,
				5EAD576D1C15010C003E06C7 /* tree.h in Headers */,
				5EAD57661C15010C003E06C7 /* fdl.h in Headers */,
				5EAD57761C15010C003E06C7 /* usart.h in Headers */,
				5EAD57651C15010C003E06C7 /* button.h in Headers */,
				5EAD57751C15010C003E06C7 /* timer.h in Headers */,
				5EAD576B1C15010C003E06C7 /* crc.h in Headers */,
				5EAD57711C15010C003E06C7 /* network.h in Headers */,
				5EAD55BF1C14F943003E06C7 /* FlipperiOS.h in Headers */,
				5EAD576E1C15010C003E06C7 /* i2c.h in Headers */,
				5EAD57691C15010C003E06C7 /* bus.h in Headers */,
				5EAD57701C15010C003E06C7 /* led.h in Headers */,
				5EAD57741C15010C003E06C7 /* spi.h in Headers */,
				5EAD576C1C15010C003E06C7 /* fs.h in Headers */,
				5EAD57721C15010C003E06C7 /* pwm.h in Headers */,
				5EAD57781C15010C003E06C7 /* wifi.h in Headers */,
			);
			runOnlyForDeploymentPostprocessing = 0;
		};
/* End PBXHeadersBuildPhase section */

/* Begin PBXNativeTarget section */
		5EAD53F21C14E8D9003E06C7 /* framework */ = {
			isa = PBXNativeTarget;
			buildConfigurationList = 5EAD53FB1C14E8D9003E06C7 /* Build configuration list for PBXNativeTarget "framework" */;
			buildPhases = (
				5EAD53EE1C14E8D9003E06C7 /* Sources */,
				5EAD53EF1C14E8D9003E06C7 /* Frameworks */,
				5EAD53F01C14E8D9003E06C7 /* Headers */,
				5EAD53F11C14E8D9003E06C7 /* Resources */,
				5EAD561E1C14FAD3003E06C7 /* CopyFiles */,
			);
			buildRules = (
			);
			dependencies = (
			);
			name = framework;
			productName = framework;
			productReference = 5EAD53F31C14E8D9003E06C7 /* FlipperiOS.framework */;
			productType = "com.apple.product-type.framework";
		};
/* End PBXNativeTarget section */

/* Begin PBXProject section */
		5EAD53EA1C14E8D9003E06C7 /* Project object */ = {
			isa = PBXProject;
			attributes = {
				LastUpgradeCheck = 0710;
				TargetAttributes = {
					5EAD53F21C14E8D9003E06C7 = {
						CreatedOnToolsVersion = 7.1.1;
						DevelopmentTeam = U59C2KU2UR;
					};
				};
			};
			buildConfigurationList = 5EAD53ED1C14E8D9003E06C7 /* Build configuration list for PBXProject "framework" */;
			compatibilityVersion = "Xcode 3.2";
			developmentRegion = English;
			hasScannedForEncodings = 0;
			knownRegions = (
				en,
			);
			mainGroup = 5EAD53E91C14E8D9003E06C7;
			productRefGroup = 5EAD53F41C14E8D9003E06C7 /* products */;
			projectDirPath = "";
			projectRoot = "";
			targets = (
				5EAD53F21C14E8D9003E06C7 /* framework */,
			);
		};
/* End PBXProject section */

/* Begin PBXResourcesBuildPhase section */
		5EAD53F11C14E8D9003E06C7 /* Resources */ = {
			isa = PBXResourcesBuildPhase;
			buildActionMask = 2147483647;
			files = (
			);
			runOnlyForDeploymentPostprocessing = 0;
		};
/* End PBXResourcesBuildPhase section */

/* Begin PBXSourcesBuildPhase section */
		5EAD53EE1C14E8D9003E06C7 /* Sources */ = {
			isa = PBXSourcesBuildPhase;
			buildActionMask = 2147483647;
			files = (
				5EAD575E1C15010C003E06C7 /* usb.c in Sources */,
				5EAD572D1C15010C003E06C7 /* wifi.c in Sources */,
				5EAD57251C15010C003E06C7 /* spi.c in Sources */,
				5EAD57481C15010C003E06C7 /* crc.c in Sources */,
				5EAD57161C15010C003E06C7 /* fdl.c in Sources */,
				5EAD57501C15010C003E06C7 /* io.c in Sources */,
				5EAD57441C15010C003E06C7 /* button.c in Sources */,
				5EAD575C1C15010C003E06C7 /* usart.c in Sources */,
				5EAD572B1C15010C003E06C7 /* usb.c in Sources */,
				5EAD571E1C15010C003E06C7 /* led.c in Sources */,
				5EAD57361C15010C003E06C7 /* self.c in Sources */,
				5EAD57201C15010C003E06C7 /* pwm.c in Sources */,
				5EAD57601C15010C003E06C7 /* wifi.c in Sources */,
				5EAD57461C15010C003E06C7 /* fdl.c in Sources */,
				5EAD571C1C15010C003E06C7 /* io.c in Sources */,
				5EAD571A1C15010C003E06C7 /* i2c.c in Sources */,
				5EAD573A1C15010C003E06C7 /* init.c in Sources */,
				5EAD57291C15010C003E06C7 /* usart.c in Sources */,
				5EAD572F1C15010C003E06C7 /* device.c in Sources */,
				5EAD57381C15010C003E06C7 /* target.c in Sources */,
				5EAD57421C15010C003E06C7 /* at45.c in Sources */,
				5EAD574C1C15010C003E06C7 /* tree.c in Sources */,
				5EAD57581C15010C003E06C7 /* spi.c in Sources */,
				5EAD57121C15010C003E06C7 /* at45.c in Sources */,
				5EAD57521C15010C003E06C7 /* led.c in Sources */,
				5EAD574E1C15010C003E06C7 /* i2c.c in Sources */,
				5EAD57621C15010C003E06C7 /* fmr.c in Sources */,
				5EAD57181C15010C003E06C7 /* fs.c in Sources */,
				5EAD57271C15010C003E06C7 /* timer.c in Sources */,
				5EAD57561C15010C003E06C7 /* sam.c in Sources */,
				5EAD575A1C15010C003E06C7 /* timer.c in Sources */,
				5EAD57311C15010C003E06C7 /* fmr.c in Sources */,
				5EAD574A1C15010C003E06C7 /* fs.c in Sources */,
				5EAD577C1C15013E003E06C7 /* dummy.c in Sources */,
				5EAD57141C15010C003E06C7 /* button.c in Sources */,
				5EAD57231C15010C003E06C7 /* sam.c in Sources */,
				5EAD57331C15010C003E06C7 /* host.c in Sources */,
				5EAD57541C15010C003E06C7 /* pwm.c in Sources */,
				5EAD577E1C150228003E06C7 /* libflipper.c in Sources */,
				5EAD573C1C15010C003E06C7 /* network.c in Sources */,
			);
			runOnlyForDeploymentPostprocessing = 0;
		};
/* End PBXSourcesBuildPhase section */

/* Begin XCBuildConfiguration section */
		5EAD53F91C14E8D9003E06C7 /* Debug */ = {
			isa = XCBuildConfiguration;
			buildSettings = {
				ALWAYS_SEARCH_USER_PATHS = YES;
				CLANG_CXX_LANGUAGE_STANDARD = "gnu++0x";
				CLANG_CXX_LIBRARY = "libc++";
				CLANG_ENABLE_MODULES = NO;
				CLANG_ENABLE_OBJC_ARC = YES;
				CLANG_WARN_BOOL_CONVERSION = YES;
				CLANG_WARN_CONSTANT_CONVERSION = YES;
				CLANG_WARN_DIRECT_OBJC_ISA_USAGE = YES_ERROR;
				CLANG_WARN_EMPTY_BODY = YES;
				CLANG_WARN_ENUM_CONVERSION = YES;
				CLANG_WARN_INT_CONVERSION = YES;
				CLANG_WARN_OBJC_ROOT_CLASS = YES_ERROR;
				CLANG_WARN_UNREACHABLE_CODE = YES;
				CLANG_WARN__DUPLICATE_METHOD_MATCH = YES;
				"CODE_SIGN_IDENTITY[sdk=iphoneos*]" = "iPhone Developer";
				COPY_PHASE_STRIP = NO;
				CURRENT_PROJECT_VERSION = 1;
				DEBUG_INFORMATION_FORMAT = dwarf;
				ENABLE_STRICT_OBJC_MSGSEND = YES;
				ENABLE_TESTABILITY = YES;
				GCC_C_LANGUAGE_STANDARD = gnu99;
				GCC_DYNAMIC_NO_PIC = NO;
				GCC_NO_COMMON_BLOCKS = YES;
				GCC_OPTIMIZATION_LEVEL = 0;
				GCC_PREPROCESSOR_DEFINITIONS = __disable_usb__;
				GCC_WARN_64_TO_32_BIT_CONVERSION = YES;
				GCC_WARN_ABOUT_RETURN_TYPE = YES_ERROR;
				GCC_WARN_UNDECLARED_SELECTOR = YES;
				GCC_WARN_UNINITIALIZED_AUTOS = YES_AGGRESSIVE;
				GCC_WARN_UNUSED_FUNCTION = YES;
				GCC_WARN_UNUSED_VARIABLE = YES;
				IPHONEOS_DEPLOYMENT_TARGET = 9.1;
				MTL_ENABLE_DEBUG_INFO = YES;
				ONLY_ACTIVE_ARCH = YES;
				SDKROOT = iphoneos;
				TARGETED_DEVICE_FAMILY = "1,2";
				USER_HEADER_SEARCH_PATHS = "$(SRCROOT)/headers $(SRCROOT)/include";
				VERSIONING_SYSTEM = "apple-generic";
				VERSION_INFO_PREFIX = "";
			};
			name = Debug;
		};
		5EAD53FA1C14E8D9003E06C7 /* Release */ = {
			isa = XCBuildConfiguration;
			buildSettings = {
				ALWAYS_SEARCH_USER_PATHS = YES;
				CLANG_CXX_LANGUAGE_STANDARD = "gnu++0x";
				CLANG_CXX_LIBRARY = "libc++";
				CLANG_ENABLE_MODULES = NO;
				CLANG_ENABLE_OBJC_ARC = YES;
				CLANG_WARN_BOOL_CONVERSION = YES;
				CLANG_WARN_CONSTANT_CONVERSION = YES;
				CLANG_WARN_DIRECT_OBJC_ISA_USAGE = YES_ERROR;
				CLANG_WARN_EMPTY_BODY = YES;
				CLANG_WARN_ENUM_CONVERSION = YES;
				CLANG_WARN_INT_CONVERSION = YES;
				CLANG_WARN_OBJC_ROOT_CLASS = YES_ERROR;
				CLANG_WARN_UNREACHABLE_CODE = YES;
				CLANG_WARN__DUPLICATE_METHOD_MATCH = YES;
				"CODE_SIGN_IDENTITY[sdk=iphoneos*]" = "iPhone Developer";
				COPY_PHASE_STRIP = NO;
				CURRENT_PROJECT_VERSION = 1;
				DEBUG_INFORMATION_FORMAT = "dwarf-with-dsym";
				ENABLE_NS_ASSERTIONS = NO;
				ENABLE_STRICT_OBJC_MSGSEND = YES;
				GCC_C_LANGUAGE_STANDARD = gnu99;
				GCC_NO_COMMON_BLOCKS = YES;
				GCC_PREPROCESSOR_DEFINITIONS = __disable_usb__;
				GCC_WARN_64_TO_32_BIT_CONVERSION = YES;
				GCC_WARN_ABOUT_RETURN_TYPE = YES_ERROR;
				GCC_WARN_UNDECLARED_SELECTOR = YES;
				GCC_WARN_UNINITIALIZED_AUTOS = YES_AGGRESSIVE;
				GCC_WARN_UNUSED_FUNCTION = YES;
				GCC_WARN_UNUSED_VARIABLE = YES;
				IPHONEOS_DEPLOYMENT_TARGET = 9.1;
				MTL_ENABLE_DEBUG_INFO = NO;
				SDKROOT = iphoneos;
				TARGETED_DEVICE_FAMILY = "1,2";
				USER_HEADER_SEARCH_PATHS = "$(SRCROOT)/headers $(SRCROOT)/include";
				VALIDATE_PRODUCT = YES;
				VERSIONING_SYSTEM = "apple-generic";
				VERSION_INFO_PREFIX = "";
			};
			name = Release;
		};
		5EAD53FC1C14E8D9003E06C7 /* Debug */ = {
			isa = XCBuildConfiguration;
			buildSettings = {
				CODE_SIGN_IDENTITY = "iPhone Developer";
				CONFIGURATION_BUILD_DIR = "$(SRCROOT)";
				DEFINES_MODULE = YES;
				DYLIB_COMPATIBILITY_VERSION = 1;
				DYLIB_CURRENT_VERSION = 1;
				DYLIB_INSTALL_NAME_BASE = "@rpath";
				INFOPLIST_FILE = "$(SRCROOT)/Info.plist";
				INSTALL_PATH = "$(LOCAL_LIBRARY_DIR)/Frameworks";
				LD_RUNPATH_SEARCH_PATHS = "$(inherited) @executable_path/Frameworks @loader_path/Frameworks";
				PRODUCT_BUNDLE_IDENTIFIER = io.flipper.ios.framework;
				PRODUCT_NAME = FlipperiOS;
				SKIP_INSTALL = YES;
				SYMROOT = build;
				TARGETED_DEVICE_FAMILY = "1,2";
			};
			name = Debug;
		};
		5EAD53FD1C14E8D9003E06C7 /* Release */ = {
			isa = XCBuildConfiguration;
			buildSettings = {
				CODE_SIGN_IDENTITY = "iPhone Developer";
				CONFIGURATION_BUILD_DIR = "$(SRCROOT)";
				DEFINES_MODULE = YES;
				DYLIB_COMPATIBILITY_VERSION = 1;
				DYLIB_CURRENT_VERSION = 1;
				DYLIB_INSTALL_NAME_BASE = "@rpath";
				INFOPLIST_FILE = "$(SRCROOT)/Info.plist";
				INSTALL_PATH = "$(LOCAL_LIBRARY_DIR)/Frameworks";
				LD_RUNPATH_SEARCH_PATHS = "$(inherited) @executable_path/Frameworks @loader_path/Frameworks";
				PRODUCT_BUNDLE_IDENTIFIER = io.flipper.ios.framework;
				PRODUCT_NAME = FlipperiOS;
				SKIP_INSTALL = YES;
				SYMROOT = build;
				TARGETED_DEVICE_FAMILY = "1,2";
			};
			name = Release;
		};
/* End XCBuildConfiguration section */

/* Begin XCConfigurationList section */
		5EAD53ED1C14E8D9003E06C7 /* Build configuration list for PBXProject "framework" */ = {
			isa = XCConfigurationList;
			buildConfigurations = (
				5EAD53F91C14E8D9003E06C7 /* Debug */,
				5EAD53FA1C14E8D9003E06C7 /* Release */,
			);
			defaultConfigurationIsVisible = 0;
			defaultConfigurationName = Release;
		};
		5EAD53FB1C14E8D9003E06C7 /* Build configuration list for PBXNativeTarget "framework" */ = {
			isa = XCConfigurationList;
			buildConfigurations = (
				5EAD53FC1C14E8D9003E06C7 /* Debug */,
				5EAD53FD1C14E8D9003E06C7 /* Release */,
			);
			defaultConfigurationIsVisible = 0;
			defaultConfigurationName = Release;
		};
/* End XCConfigurationList section */
	};
	rootObject = 5EAD53EA1C14E8D9003E06C7 /* Project object */;
}
