// !$*UTF8*$!
{
	archiveVersion = 1;
	classes = {
	};
	objectVersion = 46;
	objects = {

/* Begin PBXBuildFile section */
		5E5F29F71B9B432D00F13A78 /* IOKit.framework in Frameworks */ = {isa = PBXBuildFile; fileRef = 5E5F29F61B9B432D00F13A78 /* IOKit.framework */; };
		5E5F29F91B9B433200F13A78 /* CoreFoundation.framework in Frameworks */ = {isa = PBXBuildFile; fileRef = 5E5F29F81B9B433200F13A78 /* CoreFoundation.framework */; };
		5E5F29FE1B9B452D00F13A78 /* main.c in Sources */ = {isa = PBXBuildFile; fileRef = 5E5F28091B9B426A00F13A78 /* main.c */; };
		5E5F2A001B9B453F00F13A78 /* libflipper.dylib in Frameworks */ = {isa = PBXBuildFile; fileRef = 5E5F29FF1B9B453F00F13A78 /* libflipper.dylib */; };
		5E9140791B9B5C0A00F25798 /* fmr.c in Sources */ = {isa = PBXBuildFile; fileRef = 5E9140781B9B5C0A00F25798 /* fmr.c */; };
/* End PBXBuildFile section */

/* Begin PBXContainerItemProxy section */
		5E5F2A051B9B456B00F13A78 /* PBXContainerItemProxy */ = {
			isa = PBXContainerItemProxy;
			containerPortal = 5E5F26EB1B9B421800F13A78 /* Project object */;
			proxyType = 1;
			remoteGlobalIDString = 5E5F2A011B9B455300F13A78;
			remoteInfo = libflipper;
		};
/* End PBXContainerItemProxy section */

/* Begin PBXCopyFilesBuildPhase section */
		5E5F26F11B9B421800F13A78 /* CopyFiles */ = {
			isa = PBXCopyFilesBuildPhase;
			buildActionMask = 2147483647;
			dstPath = /usr/share/man/man1/;
			dstSubfolderSpec = 0;
			files = (
			);
			runOnlyForDeploymentPostprocessing = 1;
		};
/* End PBXCopyFilesBuildPhase section */

/* Begin PBXFileReference section */
		5E5F26F31B9B421800F13A78 /* toolbox */ = {isa = PBXFileReference; explicitFileType = "compiled.mach-o.executable"; includeInIndex = 0; path = toolbox; sourceTree = BUILT_PRODUCTS_DIR; };
		5E5F27E01B9B426A00F13A78 /* AUTHORS */ = {isa = PBXFileReference; fileEncoding = 4; lastKnownFileType = text; path = AUTHORS; sourceTree = "<group>"; };
		5E5F27E31B9B426A00F13A78 /* button.c */ = {isa = PBXFileReference; fileEncoding = 4; lastKnownFileType = sourcecode.c.c; path = button.c; sourceTree = "<group>"; };
		5E5F27E51B9B426A00F13A78 /* alloc.c */ = {isa = PBXFileReference; fileEncoding = 4; lastKnownFileType = sourcecode.c.c; path = alloc.c; sourceTree = "<group>"; };
		5E5F27E61B9B426A00F13A78 /* flash.c */ = {isa = PBXFileReference; fileEncoding = 4; lastKnownFileType = sourcecode.c.c; path = flash.c; sourceTree = "<group>"; };
		5E5F27E81B9B426A00F13A78 /* device.c */ = {isa = PBXFileReference; fileEncoding = 4; lastKnownFileType = sourcecode.c.c; path = device.c; sourceTree = "<group>"; };
		5E5F27E91B9B426A00F13A78 /* host.c */ = {isa = PBXFileReference; fileEncoding = 4; lastKnownFileType = sourcecode.c.c; path = host.c; sourceTree = "<group>"; };
		5E5F27EA1B9B426A00F13A78 /* self.c */ = {isa = PBXFileReference; fileEncoding = 4; lastKnownFileType = sourcecode.c.c; path = self.c; sourceTree = "<group>"; };
		5E5F27EB1B9B426A00F13A78 /* target.c */ = {isa = PBXFileReference; fileEncoding = 4; lastKnownFileType = sourcecode.c.c; path = target.c; sourceTree = "<group>"; };
		5E5F27ED1B9B426A00F13A78 /* crc.c */ = {isa = PBXFileReference; fileEncoding = 4; lastKnownFileType = sourcecode.c.c; path = crc.c; sourceTree = "<group>"; };
		5E5F27EE1B9B426A00F13A78 /* fs.c */ = {isa = PBXFileReference; fileEncoding = 4; lastKnownFileType = sourcecode.c.c; path = fs.c; sourceTree = "<group>"; };
		5E5F27EF1B9B426A00F13A78 /* tree.c */ = {isa = PBXFileReference; fileEncoding = 4; lastKnownFileType = sourcecode.c.c; path = tree.c; sourceTree = "<group>"; };
		5E5F27F11B9B426A00F13A78 /* i2c.c */ = {isa = PBXFileReference; fileEncoding = 4; lastKnownFileType = sourcecode.c.c; path = i2c.c; sourceTree = "<group>"; };
		5E5F27F31B9B426A00F13A78 /* init.c */ = {isa = PBXFileReference; fileEncoding = 4; lastKnownFileType = sourcecode.c.c; path = init.c; sourceTree = "<group>"; };
		5E5F27F51B9B426A00F13A78 /* io.c */ = {isa = PBXFileReference; fileEncoding = 4; lastKnownFileType = sourcecode.c.c; path = io.c; sourceTree = "<group>"; };
		5E5F27F71B9B426A00F13A78 /* led.c */ = {isa = PBXFileReference; fileEncoding = 4; lastKnownFileType = sourcecode.c.c; path = led.c; sourceTree = "<group>"; };
		5E5F27F91B9B426A00F13A78 /* pwm.c */ = {isa = PBXFileReference; fileEncoding = 4; lastKnownFileType = sourcecode.c.c; path = pwm.c; sourceTree = "<group>"; };
		5E5F27FB1B9B426A00F13A78 /* spi.c */ = {isa = PBXFileReference; fileEncoding = 4; lastKnownFileType = sourcecode.c.c; path = spi.c; sourceTree = "<group>"; };
		5E5F27FD1B9B426A00F13A78 /* timer.c */ = {isa = PBXFileReference; fileEncoding = 4; lastKnownFileType = sourcecode.c.c; path = timer.c; sourceTree = "<group>"; };
		5E5F27FF1B9B426A00F13A78 /* usart.c */ = {isa = PBXFileReference; fileEncoding = 4; lastKnownFileType = sourcecode.c.c; path = usart.c; sourceTree = "<group>"; };
		5E5F28011B9B426A00F13A78 /* usb.c */ = {isa = PBXFileReference; fileEncoding = 4; lastKnownFileType = sourcecode.c.c; path = usb.c; sourceTree = "<group>"; };
		5E5F28071B9B426A00F13A78 /* fdl.c */ = {isa = PBXFileReference; fileEncoding = 4; lastKnownFileType = sourcecode.c.c; path = fdl.c; sourceTree = "<group>"; };
		5E5F28091B9B426A00F13A78 /* main.c */ = {isa = PBXFileReference; fileEncoding = 4; lastKnownFileType = sourcecode.c.c; path = main.c; sourceTree = "<group>"; };
		5E5F280A1B9B426A00F13A78 /* makefile */ = {isa = PBXFileReference; fileEncoding = 4; lastKnownFileType = sourcecode.make; path = makefile; sourceTree = "<group>"; };
		5E5F280B1B9B426A00F13A78 /* README.md */ = {isa = PBXFileReference; fileEncoding = 4; lastKnownFileType = net.daringfireball.markdown; path = README.md; sourceTree = "<group>"; };
		5E5F280C1B9B426A00F13A78 /* COPYING */ = {isa = PBXFileReference; fileEncoding = 4; lastKnownFileType = text; path = COPYING; sourceTree = "<group>"; };
		5E5F280F1B9B426A00F13A78 /* bus.h */ = {isa = PBXFileReference; fileEncoding = 4; lastKnownFileType = sourcecode.c.h; path = bus.h; sourceTree = "<group>"; };
		5E5F28111B9B426A00F13A78 /* button.h */ = {isa = PBXFileReference; fileEncoding = 4; lastKnownFileType = sourcecode.c.h; path = button.h; sourceTree = "<group>"; };
		5E5F28121B9B426A00F13A78 /* flash.h */ = {isa = PBXFileReference; fileEncoding = 4; lastKnownFileType = sourcecode.c.h; path = flash.h; sourceTree = "<group>"; };
		5E5F28131B9B426A00F13A78 /* fs.h */ = {isa = PBXFileReference; fileEncoding = 4; lastKnownFileType = sourcecode.c.h; path = fs.h; sourceTree = "<group>"; };
		5E5F28141B9B426A00F13A78 /* i2c.h */ = {isa = PBXFileReference; fileEncoding = 4; lastKnownFileType = sourcecode.c.h; path = i2c.h; sourceTree = "<group>"; };
		5E5F28151B9B426A00F13A78 /* io.h */ = {isa = PBXFileReference; fileEncoding = 4; lastKnownFileType = sourcecode.c.h; path = io.h; sourceTree = "<group>"; };
		5E5F28161B9B426A00F13A78 /* led.h */ = {isa = PBXFileReference; fileEncoding = 4; lastKnownFileType = sourcecode.c.h; path = led.h; sourceTree = "<group>"; };
		5E5F28171B9B426A00F13A78 /* pwm.h */ = {isa = PBXFileReference; fileEncoding = 4; lastKnownFileType = sourcecode.c.h; path = pwm.h; sourceTree = "<group>"; };
		5E5F28181B9B426A00F13A78 /* spi.h */ = {isa = PBXFileReference; fileEncoding = 4; lastKnownFileType = sourcecode.c.h; path = spi.h; sourceTree = "<group>"; };
		5E5F28191B9B426A00F13A78 /* timer.h */ = {isa = PBXFileReference; fileEncoding = 4; lastKnownFileType = sourcecode.c.h; path = timer.h; sourceTree = "<group>"; };
		5E5F281A1B9B426A00F13A78 /* usart.h */ = {isa = PBXFileReference; fileEncoding = 4; lastKnownFileType = sourcecode.c.h; path = usart.h; sourceTree = "<group>"; };
		5E5F281B1B9B426A00F13A78 /* usb.h */ = {isa = PBXFileReference; fileEncoding = 4; lastKnownFileType = sourcecode.c.h; path = usb.h; sourceTree = "<group>"; };
		5E5F281D1B9B426A00F13A78 /* flipper.h */ = {isa = PBXFileReference; fileEncoding = 4; lastKnownFileType = sourcecode.c.h; path = flipper.h; sourceTree = "<group>"; };
		5E5F281E1B9B426A00F13A78 /* types.h */ = {isa = PBXFileReference; fileEncoding = 4; lastKnownFileType = sourcecode.c.h; path = types.h; sourceTree = "<group>"; };
		5E5F28201B9B426A00F13A78 /* fmr.h */ = {isa = PBXFileReference; fileEncoding = 4; lastKnownFileType = sourcecode.c.h; path = fmr.h; sourceTree = "<group>"; };
		5E5F28221B9B426A00F13A78 /* tree.h */ = {isa = PBXFileReference; fileEncoding = 4; lastKnownFileType = sourcecode.c.h; path = tree.h; sourceTree = "<group>"; };
		5E5F28231B9B426A00F13A78 /* INSTALL */ = {isa = PBXFileReference; fileEncoding = 4; lastKnownFileType = text; path = INSTALL; sourceTree = "<group>"; };
		5E5F28271B9B426A00F13A78 /* button.c */ = {isa = PBXFileReference; fileEncoding = 4; lastKnownFileType = sourcecode.c.c; path = button.c; sourceTree = "<group>"; };
		5E5F28281B9B426A00F13A78 /* button.java */ = {isa = PBXFileReference; fileEncoding = 4; lastKnownFileType = sourcecode.java; path = button.java; sourceTree = "<group>"; };
		5E5F282A1B9B426A00F13A78 /* flash.c */ = {isa = PBXFileReference; fileEncoding = 4; lastKnownFileType = sourcecode.c.c; path = flash.c; sourceTree = "<group>"; };
		5E5F282B1B9B426A00F13A78 /* flash.java */ = {isa = PBXFileReference; fileEncoding = 4; lastKnownFileType = sourcecode.java; path = flash.java; sourceTree = "<group>"; };
		5E5F282D1B9B426A00F13A78 /* i2c.c */ = {isa = PBXFileReference; fileEncoding = 4; lastKnownFileType = sourcecode.c.c; path = i2c.c; sourceTree = "<group>"; };
		5E5F282E1B9B426A00F13A78 /* i2c.java */ = {isa = PBXFileReference; fileEncoding = 4; lastKnownFileType = sourcecode.java; path = i2c.java; sourceTree = "<group>"; };
		5E5F28301B9B426A00F13A78 /* io.c */ = {isa = PBXFileReference; fileEncoding = 4; lastKnownFileType = sourcecode.c.c; path = io.c; sourceTree = "<group>"; };
		5E5F28311B9B426A00F13A78 /* io.java */ = {isa = PBXFileReference; fileEncoding = 4; lastKnownFileType = sourcecode.java; path = io.java; sourceTree = "<group>"; };
		5E5F28331B9B426A00F13A78 /* led.c */ = {isa = PBXFileReference; fileEncoding = 4; lastKnownFileType = sourcecode.c.c; path = led.c; sourceTree = "<group>"; };
		5E5F28341B9B426A00F13A78 /* led.java */ = {isa = PBXFileReference; fileEncoding = 4; lastKnownFileType = sourcecode.java; path = led.java; sourceTree = "<group>"; };
		5E5F28361B9B426A00F13A78 /* pwm.c */ = {isa = PBXFileReference; fileEncoding = 4; lastKnownFileType = sourcecode.c.c; path = pwm.c; sourceTree = "<group>"; };
		5E5F28371B9B426A00F13A78 /* pwm.java */ = {isa = PBXFileReference; fileEncoding = 4; lastKnownFileType = sourcecode.java; path = pwm.java; sourceTree = "<group>"; };
		5E5F28391B9B426A00F13A78 /* spi.c */ = {isa = PBXFileReference; fileEncoding = 4; lastKnownFileType = sourcecode.c.c; path = spi.c; sourceTree = "<group>"; };
		5E5F283A1B9B426A00F13A78 /* spi.java */ = {isa = PBXFileReference; fileEncoding = 4; lastKnownFileType = sourcecode.java; path = spi.java; sourceTree = "<group>"; };
		5E5F283C1B9B426A00F13A78 /* timer.c */ = {isa = PBXFileReference; fileEncoding = 4; lastKnownFileType = sourcecode.c.c; path = timer.c; sourceTree = "<group>"; };
		5E5F283D1B9B426A00F13A78 /* timer.java */ = {isa = PBXFileReference; fileEncoding = 4; lastKnownFileType = sourcecode.java; path = timer.java; sourceTree = "<group>"; };
		5E5F283F1B9B426A00F13A78 /* usart.c */ = {isa = PBXFileReference; fileEncoding = 4; lastKnownFileType = sourcecode.c.c; path = usart.c; sourceTree = "<group>"; };
		5E5F28401B9B426A00F13A78 /* usart.java */ = {isa = PBXFileReference; fileEncoding = 4; lastKnownFileType = sourcecode.java; path = usart.java; sourceTree = "<group>"; };
		5E5F28421B9B426A00F13A78 /* usb.c */ = {isa = PBXFileReference; fileEncoding = 4; lastKnownFileType = sourcecode.c.c; path = usb.c; sourceTree = "<group>"; };
		5E5F28431B9B426A00F13A78 /* usb.java */ = {isa = PBXFileReference; fileEncoding = 4; lastKnownFileType = sourcecode.java; path = usb.java; sourceTree = "<group>"; };
		5E5F28471B9B426A00F13A78 /* makefile */ = {isa = PBXFileReference; fileEncoding = 4; lastKnownFileType = sourcecode.make; path = makefile; sourceTree = "<group>"; };
		5E5F28491B9B426A00F13A78 /* library.properties */ = {isa = PBXFileReference; fileEncoding = 4; lastKnownFileType = text; path = library.properties; sourceTree = "<group>"; };
		5E5F284A1B9B426A00F13A78 /* README.md */ = {isa = PBXFileReference; fileEncoding = 4; lastKnownFileType = net.daringfireball.markdown; path = README.md; sourceTree = "<group>"; };
		5E5F284E1B9B426A00F13A78 /* button.c */ = {isa = PBXFileReference; fileEncoding = 4; lastKnownFileType = sourcecode.c.c; path = button.c; sourceTree = "<group>"; };
		5E5F28501B9B426A00F13A78 /* flash.c */ = {isa = PBXFileReference; fileEncoding = 4; lastKnownFileType = sourcecode.c.c; path = flash.c; sourceTree = "<group>"; };
		5E5F28521B9B426A00F13A78 /* i2c.c */ = {isa = PBXFileReference; fileEncoding = 4; lastKnownFileType = sourcecode.c.c; path = i2c.c; sourceTree = "<group>"; };
		5E5F28541B9B426A00F13A78 /* io.c */ = {isa = PBXFileReference; fileEncoding = 4; lastKnownFileType = sourcecode.c.c; path = io.c; sourceTree = "<group>"; };
		5E5F28561B9B426A00F13A78 /* led.c */ = {isa = PBXFileReference; fileEncoding = 4; lastKnownFileType = sourcecode.c.c; path = led.c; sourceTree = "<group>"; };
		5E5F28581B9B426A00F13A78 /* pwm.c */ = {isa = PBXFileReference; fileEncoding = 4; lastKnownFileType = sourcecode.c.c; path = pwm.c; sourceTree = "<group>"; };
		5E5F285A1B9B426A00F13A78 /* spi.c */ = {isa = PBXFileReference; fileEncoding = 4; lastKnownFileType = sourcecode.c.c; path = spi.c; sourceTree = "<group>"; };
		5E5F285C1B9B426A00F13A78 /* timer.c */ = {isa = PBXFileReference; fileEncoding = 4; lastKnownFileType = sourcecode.c.c; path = timer.c; sourceTree = "<group>"; };
		5E5F285E1B9B426A00F13A78 /* usart.c */ = {isa = PBXFileReference; fileEncoding = 4; lastKnownFileType = sourcecode.c.c; path = usart.c; sourceTree = "<group>"; };
		5E5F28601B9B426A00F13A78 /* usb.c */ = {isa = PBXFileReference; fileEncoding = 4; lastKnownFileType = sourcecode.c.c; path = usb.c; sourceTree = "<group>"; };
		5E5F28651B9B426A00F13A78 /* makefile */ = {isa = PBXFileReference; fileEncoding = 4; lastKnownFileType = sourcecode.make; path = makefile; sourceTree = "<group>"; };
		5E5F286A1B9B426A00F13A78 /* hid.c */ = {isa = PBXFileReference; fileEncoding = 4; lastKnownFileType = sourcecode.c.c; path = hid.c; sourceTree = "<group>"; };
		5E5F286E1B9B426A00F13A78 /* hid.c */ = {isa = PBXFileReference; fileEncoding = 4; lastKnownFileType = sourcecode.c.c; path = hid.c; sourceTree = "<group>"; };
		5E5F28721B9B426A00F13A78 /* hid.c */ = {isa = PBXFileReference; fileEncoding = 4; lastKnownFileType = sourcecode.c.c; path = hid.c; sourceTree = "<group>"; };
		5E5F28731B9B426A00F13A78 /* README.md */ = {isa = PBXFileReference; fileEncoding = 4; lastKnownFileType = net.daringfireball.markdown; path = README.md; sourceTree = "<group>"; };
		5E5F28741B9B426A00F13A78 /* LICENSE */ = {isa = PBXFileReference; fileEncoding = 4; lastKnownFileType = text; path = LICENSE; sourceTree = "<group>"; };
		5E5F28751B9B426A00F13A78 /* makefile */ = {isa = PBXFileReference; fileEncoding = 4; lastKnownFileType = sourcecode.make; path = makefile; sourceTree = "<group>"; };
		5E5F28791B9B426A00F13A78 /* button.m */ = {isa = PBXFileReference; fileEncoding = 4; lastKnownFileType = sourcecode.c.objc; path = button.m; sourceTree = "<group>"; };
		5E5F287B1B9B426A00F13A78 /* flash.m */ = {isa = PBXFileReference; fileEncoding = 4; lastKnownFileType = sourcecode.c.objc; path = flash.m; sourceTree = "<group>"; };
		5E5F287D1B9B426A00F13A78 /* i2c.m */ = {isa = PBXFileReference; fileEncoding = 4; lastKnownFileType = sourcecode.c.objc; path = i2c.m; sourceTree = "<group>"; };
		5E5F287F1B9B426A00F13A78 /* io.m */ = {isa = PBXFileReference; fileEncoding = 4; lastKnownFileType = sourcecode.c.objc; path = io.m; sourceTree = "<group>"; };
		5E5F28811B9B426A00F13A78 /* led.m */ = {isa = PBXFileReference; fileEncoding = 4; lastKnownFileType = sourcecode.c.objc; path = led.m; sourceTree = "<group>"; };
		5E5F28831B9B426A00F13A78 /* pwm.m */ = {isa = PBXFileReference; fileEncoding = 4; lastKnownFileType = sourcecode.c.objc; path = pwm.m; sourceTree = "<group>"; };
		5E5F28851B9B426A00F13A78 /* spi.m */ = {isa = PBXFileReference; fileEncoding = 4; lastKnownFileType = sourcecode.c.objc; path = spi.m; sourceTree = "<group>"; };
		5E5F28871B9B426A00F13A78 /* timer.m */ = {isa = PBXFileReference; fileEncoding = 4; lastKnownFileType = sourcecode.c.objc; path = timer.m; sourceTree = "<group>"; };
		5E5F28891B9B426A00F13A78 /* usart.m */ = {isa = PBXFileReference; fileEncoding = 4; lastKnownFileType = sourcecode.c.objc; path = usart.m; sourceTree = "<group>"; };
		5E5F288B1B9B426A00F13A78 /* usb.m */ = {isa = PBXFileReference; fileEncoding = 4; lastKnownFileType = sourcecode.c.objc; path = usb.m; sourceTree = "<group>"; };
		5E5F288D1B9B426A00F13A78 /* button.h */ = {isa = PBXFileReference; fileEncoding = 4; lastKnownFileType = sourcecode.c.h; path = button.h; sourceTree = "<group>"; };
		5E5F288E1B9B426A00F13A78 /* flash.h */ = {isa = PBXFileReference; fileEncoding = 4; lastKnownFileType = sourcecode.c.h; path = flash.h; sourceTree = "<group>"; };
		5E5F288F1B9B426A00F13A78 /* fmr.h */ = {isa = PBXFileReference; fileEncoding = 4; lastKnownFileType = sourcecode.c.h; path = fmr.h; sourceTree = "<group>"; };
		5E5F28901B9B426A00F13A78 /* fs.h */ = {isa = PBXFileReference; fileEncoding = 4; lastKnownFileType = sourcecode.c.h; path = fs.h; sourceTree = "<group>"; };
		5E5F28911B9B426A00F13A78 /* i2c.h */ = {isa = PBXFileReference; fileEncoding = 4; lastKnownFileType = sourcecode.c.h; path = i2c.h; sourceTree = "<group>"; };
		5E5F28921B9B426A00F13A78 /* io.h */ = {isa = PBXFileReference; fileEncoding = 4; lastKnownFileType = sourcecode.c.h; path = io.h; sourceTree = "<group>"; };
		5E5F28931B9B426A00F13A78 /* led.h */ = {isa = PBXFileReference; fileEncoding = 4; lastKnownFileType = sourcecode.c.h; path = led.h; sourceTree = "<group>"; };
		5E5F28941B9B426A00F13A78 /* pwm.h */ = {isa = PBXFileReference; fileEncoding = 4; lastKnownFileType = sourcecode.c.h; path = pwm.h; sourceTree = "<group>"; };
		5E5F28951B9B426A00F13A78 /* spi.h */ = {isa = PBXFileReference; fileEncoding = 4; lastKnownFileType = sourcecode.c.h; path = spi.h; sourceTree = "<group>"; };
		5E5F28961B9B426A00F13A78 /* timer.h */ = {isa = PBXFileReference; fileEncoding = 4; lastKnownFileType = sourcecode.c.h; path = timer.h; sourceTree = "<group>"; };
		5E5F28971B9B426A00F13A78 /* usart.h */ = {isa = PBXFileReference; fileEncoding = 4; lastKnownFileType = sourcecode.c.h; path = usart.h; sourceTree = "<group>"; };
		5E5F28981B9B426A00F13A78 /* usb.h */ = {isa = PBXFileReference; fileEncoding = 4; lastKnownFileType = sourcecode.c.h; path = usb.h; sourceTree = "<group>"; };
		5E5F28991B9B426A00F13A78 /* makefile */ = {isa = PBXFileReference; fileEncoding = 4; lastKnownFileType = sourcecode.make; path = makefile; sourceTree = "<group>"; };
		5E5F289D1B9B426A00F13A78 /* README.md */ = {isa = PBXFileReference; fileEncoding = 4; lastKnownFileType = net.daringfireball.markdown; path = README.md; sourceTree = "<group>"; };
		5E5F28A11B9B426A00F13A78 /* fmr.s */ = {isa = PBXFileReference; fileEncoding = 4; lastKnownFileType = sourcecode.asm; path = fmr.s; sourceTree = "<group>"; };
		5E5F28A21B9B426A00F13A78 /* init.c */ = {isa = PBXFileReference; fileEncoding = 4; lastKnownFileType = sourcecode.c.c; path = init.c; sourceTree = "<group>"; };
		5E5F28A31B9B426A00F13A78 /* init.ld */ = {isa = PBXFileReference; fileEncoding = 4; lastKnownFileType = text; path = init.ld; sourceTree = "<group>"; };
		5E5F28A41B9B426A00F13A78 /* init.s */ = {isa = PBXFileReference; fileEncoding = 4; lastKnownFileType = sourcecode.asm; path = init.s; sourceTree = "<group>"; };
		5E5F28A61B9B426A00F13A78 /* fmr.s */ = {isa = PBXFileReference; fileEncoding = 4; lastKnownFileType = sourcecode.asm; path = fmr.s; sourceTree = "<group>"; };
		5E5F28A71B9B426A00F13A78 /* init.c */ = {isa = PBXFileReference; fileEncoding = 4; lastKnownFileType = sourcecode.c.c; path = init.c; sourceTree = "<group>"; };
		5E5F28A81B9B426A00F13A78 /* init.ld */ = {isa = PBXFileReference; fileEncoding = 4; lastKnownFileType = text; path = init.ld; sourceTree = "<group>"; };
		5E5F28A91B9B426A00F13A78 /* init.s */ = {isa = PBXFileReference; fileEncoding = 4; lastKnownFileType = sourcecode.asm; path = init.s; sourceTree = "<group>"; };
		5E5F28AB1B9B426A00F13A78 /* fld.c */ = {isa = PBXFileReference; fileEncoding = 4; lastKnownFileType = sourcecode.c.c; path = fld.c; sourceTree = "<group>"; };
		5E5F28AF1B9B426A00F13A78 /* button.c */ = {isa = PBXFileReference; fileEncoding = 4; lastKnownFileType = sourcecode.c.c; path = button.c; sourceTree = "<group>"; };
		5E5F28B11B9B426A00F13A78 /* flash.c */ = {isa = PBXFileReference; fileEncoding = 4; lastKnownFileType = sourcecode.c.c; path = flash.c; sourceTree = "<group>"; };
		5E5F28B31B9B426A00F13A78 /* i2c.c */ = {isa = PBXFileReference; fileEncoding = 4; lastKnownFileType = sourcecode.c.c; path = i2c.c; sourceTree = "<group>"; };
		5E5F28B51B9B426A00F13A78 /* io.c */ = {isa = PBXFileReference; fileEncoding = 4; lastKnownFileType = sourcecode.c.c; path = io.c; sourceTree = "<group>"; };
		5E5F28B71B9B426A00F13A78 /* led.c */ = {isa = PBXFileReference; fileEncoding = 4; lastKnownFileType = sourcecode.c.c; path = led.c; sourceTree = "<group>"; };
		5E5F28B91B9B426A00F13A78 /* pwm.c */ = {isa = PBXFileReference; fileEncoding = 4; lastKnownFileType = sourcecode.c.c; path = pwm.c; sourceTree = "<group>"; };
		5E5F28BB1B9B426A00F13A78 /* spi.c */ = {isa = PBXFileReference; fileEncoding = 4; lastKnownFileType = sourcecode.c.c; path = spi.c; sourceTree = "<group>"; };
		5E5F28BD1B9B426A00F13A78 /* timer.c */ = {isa = PBXFileReference; fileEncoding = 4; lastKnownFileType = sourcecode.c.c; path = timer.c; sourceTree = "<group>"; };
		5E5F28BF1B9B426A00F13A78 /* usart.c */ = {isa = PBXFileReference; fileEncoding = 4; lastKnownFileType = sourcecode.c.c; path = usart.c; sourceTree = "<group>"; };
		5E5F28C11B9B426A00F13A78 /* usb.c */ = {isa = PBXFileReference; fileEncoding = 4; lastKnownFileType = sourcecode.c.c; path = usb.c; sourceTree = "<group>"; };
		5E5F28C41B9B426A00F13A78 /* button.c */ = {isa = PBXFileReference; fileEncoding = 4; lastKnownFileType = sourcecode.c.c; path = button.c; sourceTree = "<group>"; };
		5E5F28C61B9B426A00F13A78 /* flash.c */ = {isa = PBXFileReference; fileEncoding = 4; lastKnownFileType = sourcecode.c.c; path = flash.c; sourceTree = "<group>"; };
		5E5F28C81B9B426A00F13A78 /* i2c.c */ = {isa = PBXFileReference; fileEncoding = 4; lastKnownFileType = sourcecode.c.c; path = i2c.c; sourceTree = "<group>"; };
		5E5F28CA1B9B426A00F13A78 /* io.c */ = {isa = PBXFileReference; fileEncoding = 4; lastKnownFileType = sourcecode.c.c; path = io.c; sourceTree = "<group>"; };
		5E5F28CC1B9B426A00F13A78 /* led.c */ = {isa = PBXFileReference; fileEncoding = 4; lastKnownFileType = sourcecode.c.c; path = led.c; sourceTree = "<group>"; };
		5E5F28CE1B9B426A00F13A78 /* pwm.c */ = {isa = PBXFileReference; fileEncoding = 4; lastKnownFileType = sourcecode.c.c; path = pwm.c; sourceTree = "<group>"; };
		5E5F28D01B9B426A00F13A78 /* spi.c */ = {isa = PBXFileReference; fileEncoding = 4; lastKnownFileType = sourcecode.c.c; path = spi.c; sourceTree = "<group>"; };
		5E5F28D21B9B426A00F13A78 /* timer.c */ = {isa = PBXFileReference; fileEncoding = 4; lastKnownFileType = sourcecode.c.c; path = timer.c; sourceTree = "<group>"; };
		5E5F28D41B9B426A00F13A78 /* usart.c */ = {isa = PBXFileReference; fileEncoding = 4; lastKnownFileType = sourcecode.c.c; path = usart.c; sourceTree = "<group>"; };
		5E5F28D61B9B426A00F13A78 /* usb.c */ = {isa = PBXFileReference; fileEncoding = 4; lastKnownFileType = sourcecode.c.c; path = usb.c; sourceTree = "<group>"; };
		5E5F28D91B9B426A00F13A78 /* button.c */ = {isa = PBXFileReference; fileEncoding = 4; lastKnownFileType = sourcecode.c.c; path = button.c; sourceTree = "<group>"; };
		5E5F28DB1B9B426A00F13A78 /* flash.c */ = {isa = PBXFileReference; fileEncoding = 4; lastKnownFileType = sourcecode.c.c; path = flash.c; sourceTree = "<group>"; };
		5E5F28DD1B9B426A00F13A78 /* i2c.c */ = {isa = PBXFileReference; fileEncoding = 4; lastKnownFileType = sourcecode.c.c; path = i2c.c; sourceTree = "<group>"; };
		5E5F28DF1B9B426A00F13A78 /* io.c */ = {isa = PBXFileReference; fileEncoding = 4; lastKnownFileType = sourcecode.c.c; path = io.c; sourceTree = "<group>"; };
		5E5F28E11B9B426A00F13A78 /* led.c */ = {isa = PBXFileReference; fileEncoding = 4; lastKnownFileType = sourcecode.c.c; path = led.c; sourceTree = "<group>"; };
		5E5F28E31B9B426A00F13A78 /* pwm.c */ = {isa = PBXFileReference; fileEncoding = 4; lastKnownFileType = sourcecode.c.c; path = pwm.c; sourceTree = "<group>"; };
		5E5F28E51B9B426A00F13A78 /* spi.c */ = {isa = PBXFileReference; fileEncoding = 4; lastKnownFileType = sourcecode.c.c; path = spi.c; sourceTree = "<group>"; };
		5E5F28E71B9B426A00F13A78 /* timer.c */ = {isa = PBXFileReference; fileEncoding = 4; lastKnownFileType = sourcecode.c.c; path = timer.c; sourceTree = "<group>"; };
		5E5F28E91B9B426A00F13A78 /* usart.c */ = {isa = PBXFileReference; fileEncoding = 4; lastKnownFileType = sourcecode.c.c; path = usart.c; sourceTree = "<group>"; };
		5E5F28EB1B9B426A00F13A78 /* usb.c */ = {isa = PBXFileReference; fileEncoding = 4; lastKnownFileType = sourcecode.c.c; path = usb.c; sourceTree = "<group>"; };
		5E5F28ED1B9B426A00F13A78 /* main.c */ = {isa = PBXFileReference; fileEncoding = 4; lastKnownFileType = sourcecode.c.c; path = main.c; sourceTree = "<group>"; };
		5E5F28EE1B9B426A00F13A78 /* makefile */ = {isa = PBXFileReference; fileEncoding = 4; lastKnownFileType = sourcecode.make; path = makefile; sourceTree = "<group>"; };
		5E5F28F21B9B426A00F13A78 /* README.md */ = {isa = PBXFileReference; fileEncoding = 4; lastKnownFileType = net.daringfireball.markdown; path = README.md; sourceTree = "<group>"; };
		5E5F28F61B9B426A00F13A78 /* button.c */ = {isa = PBXFileReference; fileEncoding = 4; lastKnownFileType = sourcecode.c.c; path = button.c; sourceTree = "<group>"; };
		5E5F28F81B9B426A00F13A78 /* flash.c */ = {isa = PBXFileReference; fileEncoding = 4; lastKnownFileType = sourcecode.c.c; path = flash.c; sourceTree = "<group>"; };
		5E5F28FA1B9B426A00F13A78 /* i2c.c */ = {isa = PBXFileReference; fileEncoding = 4; lastKnownFileType = sourcecode.c.c; path = i2c.c; sourceTree = "<group>"; };
		5E5F28FC1B9B426A00F13A78 /* io.c */ = {isa = PBXFileReference; fileEncoding = 4; lastKnownFileType = sourcecode.c.c; path = io.c; sourceTree = "<group>"; };
		5E5F28FE1B9B426A00F13A78 /* led.c */ = {isa = PBXFileReference; fileEncoding = 4; lastKnownFileType = sourcecode.c.c; path = led.c; sourceTree = "<group>"; };
		5E5F29001B9B426A00F13A78 /* pwm.c */ = {isa = PBXFileReference; fileEncoding = 4; lastKnownFileType = sourcecode.c.c; path = pwm.c; sourceTree = "<group>"; };
		5E5F29021B9B426A00F13A78 /* spi.c */ = {isa = PBXFileReference; fileEncoding = 4; lastKnownFileType = sourcecode.c.c; path = spi.c; sourceTree = "<group>"; };
		5E5F29041B9B426A00F13A78 /* timer.c */ = {isa = PBXFileReference; fileEncoding = 4; lastKnownFileType = sourcecode.c.c; path = timer.c; sourceTree = "<group>"; };
		5E5F29061B9B426A00F13A78 /* usart.c */ = {isa = PBXFileReference; fileEncoding = 4; lastKnownFileType = sourcecode.c.c; path = usart.c; sourceTree = "<group>"; };
		5E5F29081B9B426A00F13A78 /* usb.c */ = {isa = PBXFileReference; fileEncoding = 4; lastKnownFileType = sourcecode.c.c; path = usb.c; sourceTree = "<group>"; };
		5E5F29091B9B426A00F13A78 /* makefile */ = {isa = PBXFileReference; fileEncoding = 4; lastKnownFileType = sourcecode.make; path = makefile; sourceTree = "<group>"; };
		5E5F290D1B9B426A00F13A78 /* README.md */ = {isa = PBXFileReference; fileEncoding = 4; lastKnownFileType = net.daringfireball.markdown; path = README.md; sourceTree = "<group>"; };
		5E5F290E1B9B426A00F13A78 /* README.md */ = {isa = PBXFileReference; fileEncoding = 4; lastKnownFileType = net.daringfireball.markdown; path = README.md; sourceTree = "<group>"; };
		5E5F29111B9B426A00F13A78 /* flipper */ = {isa = PBXFileReference; lastKnownFileType = "compiled.mach-o.executable"; path = flipper; sourceTree = "<group>"; };
		5E5F29131B9B426A00F13A78 /* libflipper.dylib */ = {isa = PBXFileReference; lastKnownFileType = "compiled.mach-o.dylib"; path = libflipper.dylib; sourceTree = "<group>"; };
		5E5F29171B9B426A00F13A78 /* button.swift */ = {isa = PBXFileReference; fileEncoding = 4; lastKnownFileType = sourcecode.swift; path = button.swift; sourceTree = "<group>"; };
		5E5F29191B9B426A00F13A78 /* flash.swift */ = {isa = PBXFileReference; fileEncoding = 4; lastKnownFileType = sourcecode.swift; path = flash.swift; sourceTree = "<group>"; };
		5E5F291B1B9B426A00F13A78 /* i2c.swift */ = {isa = PBXFileReference; fileEncoding = 4; lastKnownFileType = sourcecode.swift; path = i2c.swift; sourceTree = "<group>"; };
		5E5F291D1B9B426A00F13A78 /* io.swift */ = {isa = PBXFileReference; fileEncoding = 4; lastKnownFileType = sourcecode.swift; path = io.swift; sourceTree = "<group>"; };
		5E5F291F1B9B426A00F13A78 /* led.swift */ = {isa = PBXFileReference; fileEncoding = 4; lastKnownFileType = sourcecode.swift; path = led.swift; sourceTree = "<group>"; };
		5E5F29211B9B426A00F13A78 /* pwm.swift */ = {isa = PBXFileReference; fileEncoding = 4; lastKnownFileType = sourcecode.swift; path = pwm.swift; sourceTree = "<group>"; };
		5E5F29231B9B426A00F13A78 /* spi.swift */ = {isa = PBXFileReference; fileEncoding = 4; lastKnownFileType = sourcecode.swift; path = spi.swift; sourceTree = "<group>"; };
		5E5F29251B9B426A00F13A78 /* timer.swift */ = {isa = PBXFileReference; fileEncoding = 4; lastKnownFileType = sourcecode.swift; path = timer.swift; sourceTree = "<group>"; };
		5E5F29271B9B426A00F13A78 /* usart.swift */ = {isa = PBXFileReference; fileEncoding = 4; lastKnownFileType = sourcecode.swift; path = usart.swift; sourceTree = "<group>"; };
		5E5F29291B9B426A00F13A78 /* usb.swift */ = {isa = PBXFileReference; fileEncoding = 4; lastKnownFileType = sourcecode.swift; path = usb.swift; sourceTree = "<group>"; };
		5E5F292A1B9B426A00F13A78 /* makefile */ = {isa = PBXFileReference; fileEncoding = 4; lastKnownFileType = sourcecode.make; path = makefile; sourceTree = "<group>"; };
		5E5F292B1B9B426A00F13A78 /* README.md */ = {isa = PBXFileReference; fileEncoding = 4; lastKnownFileType = net.daringfireball.markdown; path = README.md; sourceTree = "<group>"; };
		5E5F29321B9B426A00F13A78 /* button.cpp */ = {isa = PBXFileReference; fileEncoding = 4; lastKnownFileType = sourcecode.cpp.cpp; path = button.cpp; sourceTree = "<group>"; };
		5E5F29341B9B426A00F13A78 /* flash.cpp */ = {isa = PBXFileReference; fileEncoding = 4; lastKnownFileType = sourcecode.cpp.cpp; path = flash.cpp; sourceTree = "<group>"; };
		5E5F29361B9B426A00F13A78 /* i2c.cpp */ = {isa = PBXFileReference; fileEncoding = 4; lastKnownFileType = sourcecode.cpp.cpp; path = i2c.cpp; sourceTree = "<group>"; };
		5E5F29381B9B426A00F13A78 /* io.cpp */ = {isa = PBXFileReference; fileEncoding = 4; lastKnownFileType = sourcecode.cpp.cpp; path = io.cpp; sourceTree = "<group>"; };
		5E5F293A1B9B426A00F13A78 /* led.cpp */ = {isa = PBXFileReference; fileEncoding = 4; lastKnownFileType = sourcecode.cpp.cpp; path = led.cpp; sourceTree = "<group>"; };
		5E5F293C1B9B426A00F13A78 /* pwm.cpp */ = {isa = PBXFileReference; fileEncoding = 4; lastKnownFileType = sourcecode.cpp.cpp; path = pwm.cpp; sourceTree = "<group>"; };
		5E5F293E1B9B426A00F13A78 /* spi.cpp */ = {isa = PBXFileReference; fileEncoding = 4; lastKnownFileType = sourcecode.cpp.cpp; path = spi.cpp; sourceTree = "<group>"; };
		5E5F29401B9B426A00F13A78 /* timer.cpp */ = {isa = PBXFileReference; fileEncoding = 4; lastKnownFileType = sourcecode.cpp.cpp; path = timer.cpp; sourceTree = "<group>"; };
		5E5F29421B9B426A00F13A78 /* usart.cpp */ = {isa = PBXFileReference; fileEncoding = 4; lastKnownFileType = sourcecode.cpp.cpp; path = usart.cpp; sourceTree = "<group>"; };
		5E5F29441B9B426A00F13A78 /* usb.cpp */ = {isa = PBXFileReference; fileEncoding = 4; lastKnownFileType = sourcecode.cpp.cpp; path = usb.cpp; sourceTree = "<group>"; };
		5E5F29461B9B426A00F13A78 /* button.h */ = {isa = PBXFileReference; fileEncoding = 4; lastKnownFileType = sourcecode.c.h; path = button.h; sourceTree = "<group>"; };
		5E5F29471B9B426A00F13A78 /* flash.h */ = {isa = PBXFileReference; fileEncoding = 4; lastKnownFileType = sourcecode.c.h; path = flash.h; sourceTree = "<group>"; };
		5E5F29481B9B426A00F13A78 /* fmr.h */ = {isa = PBXFileReference; fileEncoding = 4; lastKnownFileType = sourcecode.c.h; path = fmr.h; sourceTree = "<group>"; };
		5E5F29491B9B426A00F13A78 /* fs.h */ = {isa = PBXFileReference; fileEncoding = 4; lastKnownFileType = sourcecode.c.h; path = fs.h; sourceTree = "<group>"; };
		5E5F294A1B9B426A00F13A78 /* i2c.h */ = {isa = PBXFileReference; fileEncoding = 4; lastKnownFileType = sourcecode.c.h; path = i2c.h; sourceTree = "<group>"; };
		5E5F294B1B9B426A00F13A78 /* io.h */ = {isa = PBXFileReference; fileEncoding = 4; lastKnownFileType = sourcecode.c.h; path = io.h; sourceTree = "<group>"; };
		5E5F294C1B9B426A00F13A78 /* led.h */ = {isa = PBXFileReference; fileEncoding = 4; lastKnownFileType = sourcecode.c.h; path = led.h; sourceTree = "<group>"; };
		5E5F294D1B9B426A00F13A78 /* pwm.h */ = {isa = PBXFileReference; fileEncoding = 4; lastKnownFileType = sourcecode.c.h; path = pwm.h; sourceTree = "<group>"; };
		5E5F294E1B9B426A00F13A78 /* spi.h */ = {isa = PBXFileReference; fileEncoding = 4; lastKnownFileType = sourcecode.c.h; path = spi.h; sourceTree = "<group>"; };
		5E5F294F1B9B426A00F13A78 /* timer.h */ = {isa = PBXFileReference; fileEncoding = 4; lastKnownFileType = sourcecode.c.h; path = timer.h; sourceTree = "<group>"; };
		5E5F29501B9B426A00F13A78 /* usart.h */ = {isa = PBXFileReference; fileEncoding = 4; lastKnownFileType = sourcecode.c.h; path = usart.h; sourceTree = "<group>"; };
		5E5F29511B9B426A00F13A78 /* usb.h */ = {isa = PBXFileReference; fileEncoding = 4; lastKnownFileType = sourcecode.c.h; path = usb.h; sourceTree = "<group>"; };
		5E5F29521B9B426A00F13A78 /* makefile */ = {isa = PBXFileReference; fileEncoding = 4; lastKnownFileType = sourcecode.make; path = makefile; sourceTree = "<group>"; };
		5E5F29531B9B426A00F13A78 /* README */ = {isa = PBXFileReference; fileEncoding = 4; lastKnownFileType = text; path = README; sourceTree = "<group>"; };
		5E5F29F61B9B432D00F13A78 /* IOKit.framework */ = {isa = PBXFileReference; lastKnownFileType = wrapper.framework; name = IOKit.framework; path = System/Library/Frameworks/IOKit.framework; sourceTree = SDKROOT; };
		5E5F29F81B9B433200F13A78 /* CoreFoundation.framework */ = {isa = PBXFileReference; lastKnownFileType = wrapper.framework; name = CoreFoundation.framework; path = System/Library/Frameworks/CoreFoundation.framework; sourceTree = SDKROOT; };
		5E5F29FF1B9B453F00F13A78 /* libflipper.dylib */ = {isa = PBXFileReference; lastKnownFileType = "compiled.mach-o.dylib"; name = libflipper.dylib; path = libflipper/libflipper.dylib; sourceTree = "<group>"; };
		5E9140781B9B5C0A00F25798 /* fmr.c */ = {isa = PBXFileReference; fileEncoding = 4; lastKnownFileType = sourcecode.c.c; path = fmr.c; sourceTree = "<group>"; };
/* End PBXFileReference section */

/* Begin PBXFrameworksBuildPhase section */
		5E5F26F01B9B421800F13A78 /* Frameworks */ = {
			isa = PBXFrameworksBuildPhase;
			buildActionMask = 2147483647;
			files = (
				5E5F29F91B9B433200F13A78 /* CoreFoundation.framework in Frameworks */,
				5E5F29F71B9B432D00F13A78 /* IOKit.framework in Frameworks */,
				5E5F2A001B9B453F00F13A78 /* libflipper.dylib in Frameworks */,
			);
			runOnlyForDeploymentPostprocessing = 0;
		};
/* End PBXFrameworksBuildPhase section */

/* Begin PBXGroup section */
		5E5F26EA1B9B421800F13A78 = {
			isa = PBXGroup;
			children = (
				5E5F27E01B9B426A00F13A78 /* AUTHORS */,
				5E5F27E11B9B426A00F13A78 /* common */,
				5E5F28021B9B426A00F13A78 /* console */,
				5E5F280C1B9B426A00F13A78 /* COPYING */,
				5E5F280D1B9B426A00F13A78 /* include */,
				5E5F28231B9B426A00F13A78 /* INSTALL */,
				5E5F28241B9B426A00F13A78 /* java */,
				5E5F284B1B9B426A00F13A78 /* libflipper */,
				5E5F28741B9B426A00F13A78 /* LICENSE */,
				5E5F28751B9B426A00F13A78 /* makefile */,
				5E5F28761B9B426A00F13A78 /* obj-c */,
				5E5F289E1B9B426A00F13A78 /* osmium */,
				5E5F28F31B9B426A00F13A78 /* python */,
				5E5F290E1B9B426A00F13A78 /* README.md */,
				5E5F290F1B9B426A00F13A78 /* sdk */,
				5E5F29141B9B426A00F13A78 /* swift */,
				5E5F292F1B9B426A00F13A78 /* wiring */,
				5E5F2A071B9B45F500F13A78 /* Libraries */,
				5E5F26F41B9B421800F13A78 /* Products */,
			);
			sourceTree = "<group>";
		};
		5E5F26F41B9B421800F13A78 /* Products */ = {
			isa = PBXGroup;
			children = (
				5E5F26F31B9B421800F13A78 /* toolbox */,
			);
			name = Products;
			sourceTree = "<group>";
		};
		5E5F27E11B9B426A00F13A78 /* common */ = {
			isa = PBXGroup;
			children = (
				5E5F27E21B9B426A00F13A78 /* button */,
				5E5F27E41B9B426A00F13A78 /* flash */,
				5E5F27E71B9B426A00F13A78 /* fmr */,
				5E5F27EC1B9B426A00F13A78 /* fs */,
				5E5F27F01B9B426A00F13A78 /* i2c */,
				5E5F27F21B9B426A00F13A78 /* init */,
				5E5F27F41B9B426A00F13A78 /* io */,
				5E5F27F61B9B426A00F13A78 /* led */,
				5E5F27F81B9B426A00F13A78 /* pwm */,
				5E5F27FA1B9B426A00F13A78 /* spi */,
				5E5F27FC1B9B426A00F13A78 /* timer */,
				5E5F27FE1B9B426A00F13A78 /* usart */,
				5E5F28001B9B426A00F13A78 /* usb */,
			);
			path = common;
			sourceTree = "<group>";
		};
		5E5F27E21B9B426A00F13A78 /* button */ = {
			isa = PBXGroup;
			children = (
				5E5F27E31B9B426A00F13A78 /* button.c */,
			);
			path = button;
			sourceTree = "<group>";
		};
		5E5F27E41B9B426A00F13A78 /* flash */ = {
			isa = PBXGroup;
			children = (
				5E5F27E51B9B426A00F13A78 /* alloc.c */,
				5E5F27E61B9B426A00F13A78 /* flash.c */,
			);
			path = flash;
			sourceTree = "<group>";
		};
		5E5F27E71B9B426A00F13A78 /* fmr */ = {
			isa = PBXGroup;
			children = (
				5E5F27E81B9B426A00F13A78 /* device.c */,
				5E5F27E91B9B426A00F13A78 /* host.c */,
				5E5F27EA1B9B426A00F13A78 /* self.c */,
				5E5F27EB1B9B426A00F13A78 /* target.c */,
				5E9140781B9B5C0A00F25798 /* fmr.c */,
			);
			path = fmr;
			sourceTree = "<group>";
		};
		5E5F27EC1B9B426A00F13A78 /* fs */ = {
			isa = PBXGroup;
			children = (
				5E5F27ED1B9B426A00F13A78 /* crc.c */,
				5E5F27EE1B9B426A00F13A78 /* fs.c */,
				5E5F27EF1B9B426A00F13A78 /* tree.c */,
			);
			path = fs;
			sourceTree = "<group>";
		};
		5E5F27F01B9B426A00F13A78 /* i2c */ = {
			isa = PBXGroup;
			children = (
				5E5F27F11B9B426A00F13A78 /* i2c.c */,
			);
			path = i2c;
			sourceTree = "<group>";
		};
		5E5F27F21B9B426A00F13A78 /* init */ = {
			isa = PBXGroup;
			children = (
				5E5F27F31B9B426A00F13A78 /* init.c */,
			);
			path = init;
			sourceTree = "<group>";
		};
		5E5F27F41B9B426A00F13A78 /* io */ = {
			isa = PBXGroup;
			children = (
				5E5F27F51B9B426A00F13A78 /* io.c */,
			);
			path = io;
			sourceTree = "<group>";
		};
		5E5F27F61B9B426A00F13A78 /* led */ = {
			isa = PBXGroup;
			children = (
				5E5F27F71B9B426A00F13A78 /* led.c */,
			);
			path = led;
			sourceTree = "<group>";
		};
		5E5F27F81B9B426A00F13A78 /* pwm */ = {
			isa = PBXGroup;
			children = (
				5E5F27F91B9B426A00F13A78 /* pwm.c */,
			);
			path = pwm;
			sourceTree = "<group>";
		};
		5E5F27FA1B9B426A00F13A78 /* spi */ = {
			isa = PBXGroup;
			children = (
				5E5F27FB1B9B426A00F13A78 /* spi.c */,
			);
			path = spi;
			sourceTree = "<group>";
		};
		5E5F27FC1B9B426A00F13A78 /* timer */ = {
			isa = PBXGroup;
			children = (
				5E5F27FD1B9B426A00F13A78 /* timer.c */,
			);
			path = timer;
			sourceTree = "<group>";
		};
		5E5F27FE1B9B426A00F13A78 /* usart */ = {
			isa = PBXGroup;
			children = (
				5E5F27FF1B9B426A00F13A78 /* usart.c */,
			);
			path = usart;
			sourceTree = "<group>";
		};
		5E5F28001B9B426A00F13A78 /* usb */ = {
			isa = PBXGroup;
			children = (
				5E5F28011B9B426A00F13A78 /* usb.c */,
			);
			path = usb;
			sourceTree = "<group>";
		};
		5E5F28021B9B426A00F13A78 /* console */ = {
			isa = PBXGroup;
			children = (
				5E5F28061B9B426A00F13A78 /* fdl */,
				5E5F28091B9B426A00F13A78 /* main.c */,
				5E5F280A1B9B426A00F13A78 /* makefile */,
				5E5F280B1B9B426A00F13A78 /* README.md */,
			);
			path = console;
			sourceTree = "<group>";
		};
		5E5F28061B9B426A00F13A78 /* fdl */ = {
			isa = PBXGroup;
			children = (
				5E5F28071B9B426A00F13A78 /* fdl.c */,
			);
			path = fdl;
			sourceTree = "<group>";
		};
		5E5F280D1B9B426A00F13A78 /* include */ = {
			isa = PBXGroup;
			children = (
				5E5F280E1B9B426A00F13A78 /* bus */,
				5E5F28101B9B426A00F13A78 /* drivers */,
				5E5F281C1B9B426A00F13A78 /* flipper */,
				5E5F281F1B9B426A00F13A78 /* fmr */,
				5E5F28211B9B426A00F13A78 /* fs */,
			);
			path = include;
			sourceTree = "<group>";
		};
		5E5F280E1B9B426A00F13A78 /* bus */ = {
			isa = PBXGroup;
			children = (
				5E5F280F1B9B426A00F13A78 /* bus.h */,
			);
			path = bus;
			sourceTree = "<group>";
		};
		5E5F28101B9B426A00F13A78 /* drivers */ = {
			isa = PBXGroup;
			children = (
				5E5F28111B9B426A00F13A78 /* button.h */,
				5E5F28121B9B426A00F13A78 /* flash.h */,
				5E5F28131B9B426A00F13A78 /* fs.h */,
				5E5F28141B9B426A00F13A78 /* i2c.h */,
				5E5F28151B9B426A00F13A78 /* io.h */,
				5E5F28161B9B426A00F13A78 /* led.h */,
				5E5F28171B9B426A00F13A78 /* pwm.h */,
				5E5F28181B9B426A00F13A78 /* spi.h */,
				5E5F28191B9B426A00F13A78 /* timer.h */,
				5E5F281A1B9B426A00F13A78 /* usart.h */,
				5E5F281B1B9B426A00F13A78 /* usb.h */,
			);
			path = drivers;
			sourceTree = "<group>";
		};
		5E5F281C1B9B426A00F13A78 /* flipper */ = {
			isa = PBXGroup;
			children = (
				5E5F281D1B9B426A00F13A78 /* flipper.h */,
				5E5F281E1B9B426A00F13A78 /* types.h */,
			);
			path = flipper;
			sourceTree = "<group>";
		};
		5E5F281F1B9B426A00F13A78 /* fmr */ = {
			isa = PBXGroup;
			children = (
				5E5F28201B9B426A00F13A78 /* fmr.h */,
			);
			path = fmr;
			sourceTree = "<group>";
		};
		5E5F28211B9B426A00F13A78 /* fs */ = {
			isa = PBXGroup;
			children = (
				5E5F28221B9B426A00F13A78 /* tree.h */,
			);
			path = fs;
			sourceTree = "<group>";
		};
		5E5F28241B9B426A00F13A78 /* java */ = {
			isa = PBXGroup;
			children = (
				5E5F28251B9B426A00F13A78 /* drivers */,
				5E5F28471B9B426A00F13A78 /* makefile */,
				5E5F28481B9B426A00F13A78 /* processing */,
				5E5F284A1B9B426A00F13A78 /* README.md */,
			);
			path = java;
			sourceTree = "<group>";
		};
		5E5F28251B9B426A00F13A78 /* drivers */ = {
			isa = PBXGroup;
			children = (
				5E5F28261B9B426A00F13A78 /* button */,
				5E5F28291B9B426A00F13A78 /* flash */,
				5E5F282C1B9B426A00F13A78 /* i2c */,
				5E5F282F1B9B426A00F13A78 /* io */,
				5E5F28321B9B426A00F13A78 /* led */,
				5E5F28351B9B426A00F13A78 /* pwm */,
				5E5F28381B9B426A00F13A78 /* spi */,
				5E5F283B1B9B426A00F13A78 /* timer */,
				5E5F283E1B9B426A00F13A78 /* usart */,
				5E5F28411B9B426A00F13A78 /* usb */,
			);
			path = drivers;
			sourceTree = "<group>";
		};
		5E5F28261B9B426A00F13A78 /* button */ = {
			isa = PBXGroup;
			children = (
				5E5F28271B9B426A00F13A78 /* button.c */,
				5E5F28281B9B426A00F13A78 /* button.java */,
			);
			path = button;
			sourceTree = "<group>";
		};
		5E5F28291B9B426A00F13A78 /* flash */ = {
			isa = PBXGroup;
			children = (
				5E5F282A1B9B426A00F13A78 /* flash.c */,
				5E5F282B1B9B426A00F13A78 /* flash.java */,
			);
			path = flash;
			sourceTree = "<group>";
		};
		5E5F282C1B9B426A00F13A78 /* i2c */ = {
			isa = PBXGroup;
			children = (
				5E5F282D1B9B426A00F13A78 /* i2c.c */,
				5E5F282E1B9B426A00F13A78 /* i2c.java */,
			);
			path = i2c;
			sourceTree = "<group>";
		};
		5E5F282F1B9B426A00F13A78 /* io */ = {
			isa = PBXGroup;
			children = (
				5E5F28301B9B426A00F13A78 /* io.c */,
				5E5F28311B9B426A00F13A78 /* io.java */,
			);
			path = io;
			sourceTree = "<group>";
		};
		5E5F28321B9B426A00F13A78 /* led */ = {
			isa = PBXGroup;
			children = (
				5E5F28331B9B426A00F13A78 /* led.c */,
				5E5F28341B9B426A00F13A78 /* led.java */,
			);
			path = led;
			sourceTree = "<group>";
		};
		5E5F28351B9B426A00F13A78 /* pwm */ = {
			isa = PBXGroup;
			children = (
				5E5F28361B9B426A00F13A78 /* pwm.c */,
				5E5F28371B9B426A00F13A78 /* pwm.java */,
			);
			path = pwm;
			sourceTree = "<group>";
		};
		5E5F28381B9B426A00F13A78 /* spi */ = {
			isa = PBXGroup;
			children = (
				5E5F28391B9B426A00F13A78 /* spi.c */,
				5E5F283A1B9B426A00F13A78 /* spi.java */,
			);
			path = spi;
			sourceTree = "<group>";
		};
		5E5F283B1B9B426A00F13A78 /* timer */ = {
			isa = PBXGroup;
			children = (
				5E5F283C1B9B426A00F13A78 /* timer.c */,
				5E5F283D1B9B426A00F13A78 /* timer.java */,
			);
			path = timer;
			sourceTree = "<group>";
		};
		5E5F283E1B9B426A00F13A78 /* usart */ = {
			isa = PBXGroup;
			children = (
				5E5F283F1B9B426A00F13A78 /* usart.c */,
				5E5F28401B9B426A00F13A78 /* usart.java */,
			);
			path = usart;
			sourceTree = "<group>";
		};
		5E5F28411B9B426A00F13A78 /* usb */ = {
			isa = PBXGroup;
			children = (
				5E5F28421B9B426A00F13A78 /* usb.c */,
				5E5F28431B9B426A00F13A78 /* usb.java */,
			);
			path = usb;
			sourceTree = "<group>";
		};
		5E5F28481B9B426A00F13A78 /* processing */ = {
			isa = PBXGroup;
			children = (
				5E5F28491B9B426A00F13A78 /* library.properties */,
			);
			path = processing;
			sourceTree = "<group>";
		};
		5E5F284B1B9B426A00F13A78 /* libflipper */ = {
			isa = PBXGroup;
			children = (
				5E5F284C1B9B426A00F13A78 /* drivers */,
				5E5F28651B9B426A00F13A78 /* makefile */,
				5E5F28661B9B426A00F13A78 /* platforms */,
				5E5F28731B9B426A00F13A78 /* README.md */,
			);
			path = libflipper;
			sourceTree = "<group>";
		};
		5E5F284C1B9B426A00F13A78 /* drivers */ = {
			isa = PBXGroup;
			children = (
				5E5F284D1B9B426A00F13A78 /* button */,
				5E5F284F1B9B426A00F13A78 /* flash */,
				5E5F28511B9B426A00F13A78 /* i2c */,
				5E5F28531B9B426A00F13A78 /* io */,
				5E5F28551B9B426A00F13A78 /* led */,
				5E5F28571B9B426A00F13A78 /* pwm */,
				5E5F28591B9B426A00F13A78 /* spi */,
				5E5F285B1B9B426A00F13A78 /* timer */,
				5E5F285D1B9B426A00F13A78 /* usart */,
				5E5F285F1B9B426A00F13A78 /* usb */,
			);
			path = drivers;
			sourceTree = "<group>";
		};
		5E5F284D1B9B426A00F13A78 /* button */ = {
			isa = PBXGroup;
			children = (
				5E5F284E1B9B426A00F13A78 /* button.c */,
			);
			path = button;
			sourceTree = "<group>";
		};
		5E5F284F1B9B426A00F13A78 /* flash */ = {
			isa = PBXGroup;
			children = (
				5E5F28501B9B426A00F13A78 /* flash.c */,
			);
			path = flash;
			sourceTree = "<group>";
		};
		5E5F28511B9B426A00F13A78 /* i2c */ = {
			isa = PBXGroup;
			children = (
				5E5F28521B9B426A00F13A78 /* i2c.c */,
			);
			path = i2c;
			sourceTree = "<group>";
		};
		5E5F28531B9B426A00F13A78 /* io */ = {
			isa = PBXGroup;
			children = (
				5E5F28541B9B426A00F13A78 /* io.c */,
			);
			path = io;
			sourceTree = "<group>";
		};
		5E5F28551B9B426A00F13A78 /* led */ = {
			isa = PBXGroup;
			children = (
				5E5F28561B9B426A00F13A78 /* led.c */,
			);
			path = led;
			sourceTree = "<group>";
		};
		5E5F28571B9B426A00F13A78 /* pwm */ = {
			isa = PBXGroup;
			children = (
				5E5F28581B9B426A00F13A78 /* pwm.c */,
			);
			path = pwm;
			sourceTree = "<group>";
		};
		5E5F28591B9B426A00F13A78 /* spi */ = {
			isa = PBXGroup;
			children = (
				5E5F285A1B9B426A00F13A78 /* spi.c */,
			);
			path = spi;
			sourceTree = "<group>";
		};
		5E5F285B1B9B426A00F13A78 /* timer */ = {
			isa = PBXGroup;
			children = (
				5E5F285C1B9B426A00F13A78 /* timer.c */,
			);
			path = timer;
			sourceTree = "<group>";
		};
		5E5F285D1B9B426A00F13A78 /* usart */ = {
			isa = PBXGroup;
			children = (
				5E5F285E1B9B426A00F13A78 /* usart.c */,
			);
			path = usart;
			sourceTree = "<group>";
		};
		5E5F285F1B9B426A00F13A78 /* usb */ = {
			isa = PBXGroup;
			children = (
				5E5F28601B9B426A00F13A78 /* usb.c */,
			);
			path = usb;
			sourceTree = "<group>";
		};
		5E5F28661B9B426A00F13A78 /* platforms */ = {
			isa = PBXGroup;
			children = (
				5E5F28671B9B426A00F13A78 /* linux */,
				5E5F286B1B9B426A00F13A78 /* osx */,
				5E5F286F1B9B426A00F13A78 /* windows */,
			);
			path = platforms;
			sourceTree = "<group>";
		};
		5E5F28671B9B426A00F13A78 /* linux */ = {
			isa = PBXGroup;
			children = (
				5E5F28681B9B426A00F13A78 /* network */,
				5E5F28691B9B426A00F13A78 /* usb */,
			);
			path = linux;
			sourceTree = "<group>";
		};
		5E5F28681B9B426A00F13A78 /* network */ = {
			isa = PBXGroup;
			children = (
			);
			path = network;
			sourceTree = "<group>";
		};
		5E5F28691B9B426A00F13A78 /* usb */ = {
			isa = PBXGroup;
			children = (
				5E5F286A1B9B426A00F13A78 /* hid.c */,
			);
			path = usb;
			sourceTree = "<group>";
		};
		5E5F286B1B9B426A00F13A78 /* osx */ = {
			isa = PBXGroup;
			children = (
				5E5F286C1B9B426A00F13A78 /* network */,
				5E5F286D1B9B426A00F13A78 /* usb */,
			);
			path = osx;
			sourceTree = "<group>";
		};
		5E5F286C1B9B426A00F13A78 /* network */ = {
			isa = PBXGroup;
			children = (
			);
			path = network;
			sourceTree = "<group>";
		};
		5E5F286D1B9B426A00F13A78 /* usb */ = {
			isa = PBXGroup;
			children = (
				5E5F286E1B9B426A00F13A78 /* hid.c */,
			);
			path = usb;
			sourceTree = "<group>";
		};
		5E5F286F1B9B426A00F13A78 /* windows */ = {
			isa = PBXGroup;
			children = (
				5E5F28701B9B426A00F13A78 /* network */,
				5E5F28711B9B426A00F13A78 /* usb */,
			);
			path = windows;
			sourceTree = "<group>";
		};
		5E5F28701B9B426A00F13A78 /* network */ = {
			isa = PBXGroup;
			children = (
			);
			path = network;
			sourceTree = "<group>";
		};
		5E5F28711B9B426A00F13A78 /* usb */ = {
			isa = PBXGroup;
			children = (
				5E5F28721B9B426A00F13A78 /* hid.c */,
			);
			path = usb;
			sourceTree = "<group>";
		};
		5E5F28761B9B426A00F13A78 /* obj-c */ = {
			isa = PBXGroup;
			children = (
				5E5F28771B9B426A00F13A78 /* drivers */,
				5E5F288C1B9B426A00F13A78 /* include */,
				5E5F28991B9B426A00F13A78 /* makefile */,
				5E5F289D1B9B426A00F13A78 /* README.md */,
			);
			path = "obj-c";
			sourceTree = "<group>";
		};
		5E5F28771B9B426A00F13A78 /* drivers */ = {
			isa = PBXGroup;
			children = (
				5E5F28781B9B426A00F13A78 /* button */,
				5E5F287A1B9B426A00F13A78 /* flash */,
				5E5F287C1B9B426A00F13A78 /* i2c */,
				5E5F287E1B9B426A00F13A78 /* io */,
				5E5F28801B9B426A00F13A78 /* led */,
				5E5F28821B9B426A00F13A78 /* pwm */,
				5E5F28841B9B426A00F13A78 /* spi */,
				5E5F28861B9B426A00F13A78 /* timer */,
				5E5F28881B9B426A00F13A78 /* usart */,
				5E5F288A1B9B426A00F13A78 /* usb */,
			);
			path = drivers;
			sourceTree = "<group>";
		};
		5E5F28781B9B426A00F13A78 /* button */ = {
			isa = PBXGroup;
			children = (
				5E5F28791B9B426A00F13A78 /* button.m */,
			);
			path = button;
			sourceTree = "<group>";
		};
		5E5F287A1B9B426A00F13A78 /* flash */ = {
			isa = PBXGroup;
			children = (
				5E5F287B1B9B426A00F13A78 /* flash.m */,
			);
			path = flash;
			sourceTree = "<group>";
		};
		5E5F287C1B9B426A00F13A78 /* i2c */ = {
			isa = PBXGroup;
			children = (
				5E5F287D1B9B426A00F13A78 /* i2c.m */,
			);
			path = i2c;
			sourceTree = "<group>";
		};
		5E5F287E1B9B426A00F13A78 /* io */ = {
			isa = PBXGroup;
			children = (
				5E5F287F1B9B426A00F13A78 /* io.m */,
			);
			path = io;
			sourceTree = "<group>";
		};
		5E5F28801B9B426A00F13A78 /* led */ = {
			isa = PBXGroup;
			children = (
				5E5F28811B9B426A00F13A78 /* led.m */,
			);
			path = led;
			sourceTree = "<group>";
		};
		5E5F28821B9B426A00F13A78 /* pwm */ = {
			isa = PBXGroup;
			children = (
				5E5F28831B9B426A00F13A78 /* pwm.m */,
			);
			path = pwm;
			sourceTree = "<group>";
		};
		5E5F28841B9B426A00F13A78 /* spi */ = {
			isa = PBXGroup;
			children = (
				5E5F28851B9B426A00F13A78 /* spi.m */,
			);
			path = spi;
			sourceTree = "<group>";
		};
		5E5F28861B9B426A00F13A78 /* timer */ = {
			isa = PBXGroup;
			children = (
				5E5F28871B9B426A00F13A78 /* timer.m */,
			);
			path = timer;
			sourceTree = "<group>";
		};
		5E5F28881B9B426A00F13A78 /* usart */ = {
			isa = PBXGroup;
			children = (
				5E5F28891B9B426A00F13A78 /* usart.m */,
			);
			path = usart;
			sourceTree = "<group>";
		};
		5E5F288A1B9B426A00F13A78 /* usb */ = {
			isa = PBXGroup;
			children = (
				5E5F288B1B9B426A00F13A78 /* usb.m */,
			);
			path = usb;
			sourceTree = "<group>";
		};
		5E5F288C1B9B426A00F13A78 /* include */ = {
			isa = PBXGroup;
			children = (
				5E5F288D1B9B426A00F13A78 /* button.h */,
				5E5F288E1B9B426A00F13A78 /* flash.h */,
				5E5F288F1B9B426A00F13A78 /* fmr.h */,
				5E5F28901B9B426A00F13A78 /* fs.h */,
				5E5F28911B9B426A00F13A78 /* i2c.h */,
				5E5F28921B9B426A00F13A78 /* io.h */,
				5E5F28931B9B426A00F13A78 /* led.h */,
				5E5F28941B9B426A00F13A78 /* pwm.h */,
				5E5F28951B9B426A00F13A78 /* spi.h */,
				5E5F28961B9B426A00F13A78 /* timer.h */,
				5E5F28971B9B426A00F13A78 /* usart.h */,
				5E5F28981B9B426A00F13A78 /* usb.h */,
			);
			path = include;
			sourceTree = "<group>";
		};
		5E5F289E1B9B426A00F13A78 /* osmium */ = {
			isa = PBXGroup;
			children = (
				5E5F289F1B9B426A00F13A78 /* architecture */,
				5E5F28AA1B9B426A00F13A78 /* fld */,
				5E5F28AC1B9B426A00F13A78 /* hardware */,
				5E5F28EC1B9B426A00F13A78 /* kernel */,
				5E5F28EE1B9B426A00F13A78 /* makefile */,
				5E5F28F21B9B426A00F13A78 /* README.md */,
			);
			path = osmium;
			sourceTree = "<group>";
		};
		5E5F289F1B9B426A00F13A78 /* architecture */ = {
			isa = PBXGroup;
			children = (
				5E5F28A01B9B426A00F13A78 /* arm */,
				5E5F28A51B9B426A00F13A78 /* avr */,
			);
			path = architecture;
			sourceTree = "<group>";
		};
		5E5F28A01B9B426A00F13A78 /* arm */ = {
			isa = PBXGroup;
			children = (
				5E5F28A11B9B426A00F13A78 /* fmr.s */,
				5E5F28A21B9B426A00F13A78 /* init.c */,
				5E5F28A31B9B426A00F13A78 /* init.ld */,
				5E5F28A41B9B426A00F13A78 /* init.s */,
			);
			path = arm;
			sourceTree = "<group>";
		};
		5E5F28A51B9B426A00F13A78 /* avr */ = {
			isa = PBXGroup;
			children = (
				5E5F28A61B9B426A00F13A78 /* fmr.s */,
				5E5F28A71B9B426A00F13A78 /* init.c */,
				5E5F28A81B9B426A00F13A78 /* init.ld */,
				5E5F28A91B9B426A00F13A78 /* init.s */,
			);
			path = avr;
			sourceTree = "<group>";
		};
		5E5F28AA1B9B426A00F13A78 /* fld */ = {
			isa = PBXGroup;
			children = (
				5E5F28AB1B9B426A00F13A78 /* fld.c */,
			);
			path = fld;
			sourceTree = "<group>";
		};
		5E5F28AC1B9B426A00F13A78 /* hardware */ = {
			isa = PBXGroup;
			children = (
				5E5F28AD1B9B426A00F13A78 /* at91sam */,
				5E5F28C21B9B426A00F13A78 /* atmega */,
				5E5F28D71B9B426A00F13A78 /* esp8266 */,
			);
			path = hardware;
			sourceTree = "<group>";
		};
		5E5F28AD1B9B426A00F13A78 /* at91sam */ = {
			isa = PBXGroup;
			children = (
				5E5F28AE1B9B426A00F13A78 /* button */,
				5E5F28B01B9B426A00F13A78 /* flash */,
				5E5F28B21B9B426A00F13A78 /* i2c */,
				5E5F28B41B9B426A00F13A78 /* io */,
				5E5F28B61B9B426A00F13A78 /* led */,
				5E5F28B81B9B426A00F13A78 /* pwm */,
				5E5F28BA1B9B426A00F13A78 /* spi */,
				5E5F28BC1B9B426A00F13A78 /* timer */,
				5E5F28BE1B9B426A00F13A78 /* usart */,
				5E5F28C01B9B426A00F13A78 /* usb */,
			);
			path = at91sam;
			sourceTree = "<group>";
		};
		5E5F28AE1B9B426A00F13A78 /* button */ = {
			isa = PBXGroup;
			children = (
				5E5F28AF1B9B426A00F13A78 /* button.c */,
			);
			path = button;
			sourceTree = "<group>";
		};
		5E5F28B01B9B426A00F13A78 /* flash */ = {
			isa = PBXGroup;
			children = (
				5E5F28B11B9B426A00F13A78 /* flash.c */,
			);
			path = flash;
			sourceTree = "<group>";
		};
		5E5F28B21B9B426A00F13A78 /* i2c */ = {
			isa = PBXGroup;
			children = (
				5E5F28B31B9B426A00F13A78 /* i2c.c */,
			);
			path = i2c;
			sourceTree = "<group>";
		};
		5E5F28B41B9B426A00F13A78 /* io */ = {
			isa = PBXGroup;
			children = (
				5E5F28B51B9B426A00F13A78 /* io.c */,
			);
			path = io;
			sourceTree = "<group>";
		};
		5E5F28B61B9B426A00F13A78 /* led */ = {
			isa = PBXGroup;
			children = (
				5E5F28B71B9B426A00F13A78 /* led.c */,
			);
			path = led;
			sourceTree = "<group>";
		};
		5E5F28B81B9B426A00F13A78 /* pwm */ = {
			isa = PBXGroup;
			children = (
				5E5F28B91B9B426A00F13A78 /* pwm.c */,
			);
			path = pwm;
			sourceTree = "<group>";
		};
		5E5F28BA1B9B426A00F13A78 /* spi */ = {
			isa = PBXGroup;
			children = (
				5E5F28BB1B9B426A00F13A78 /* spi.c */,
			);
			path = spi;
			sourceTree = "<group>";
		};
		5E5F28BC1B9B426A00F13A78 /* timer */ = {
			isa = PBXGroup;
			children = (
				5E5F28BD1B9B426A00F13A78 /* timer.c */,
			);
			path = timer;
			sourceTree = "<group>";
		};
		5E5F28BE1B9B426A00F13A78 /* usart */ = {
			isa = PBXGroup;
			children = (
				5E5F28BF1B9B426A00F13A78 /* usart.c */,
			);
			path = usart;
			sourceTree = "<group>";
		};
		5E5F28C01B9B426A00F13A78 /* usb */ = {
			isa = PBXGroup;
			children = (
				5E5F28C11B9B426A00F13A78 /* usb.c */,
			);
			path = usb;
			sourceTree = "<group>";
		};
		5E5F28C21B9B426A00F13A78 /* atmega */ = {
			isa = PBXGroup;
			children = (
				5E5F28C31B9B426A00F13A78 /* button */,
				5E5F28C51B9B426A00F13A78 /* flash */,
				5E5F28C71B9B426A00F13A78 /* i2c */,
				5E5F28C91B9B426A00F13A78 /* io */,
				5E5F28CB1B9B426A00F13A78 /* led */,
				5E5F28CD1B9B426A00F13A78 /* pwm */,
				5E5F28CF1B9B426A00F13A78 /* spi */,
				5E5F28D11B9B426A00F13A78 /* timer */,
				5E5F28D31B9B426A00F13A78 /* usart */,
				5E5F28D51B9B426A00F13A78 /* usb */,
			);
			path = atmega;
			sourceTree = "<group>";
		};
		5E5F28C31B9B426A00F13A78 /* button */ = {
			isa = PBXGroup;
			children = (
				5E5F28C41B9B426A00F13A78 /* button.c */,
			);
			path = button;
			sourceTree = "<group>";
		};
		5E5F28C51B9B426A00F13A78 /* flash */ = {
			isa = PBXGroup;
			children = (
				5E5F28C61B9B426A00F13A78 /* flash.c */,
			);
			path = flash;
			sourceTree = "<group>";
		};
		5E5F28C71B9B426A00F13A78 /* i2c */ = {
			isa = PBXGroup;
			children = (
				5E5F28C81B9B426A00F13A78 /* i2c.c */,
			);
			path = i2c;
			sourceTree = "<group>";
		};
		5E5F28C91B9B426A00F13A78 /* io */ = {
			isa = PBXGroup;
			children = (
				5E5F28CA1B9B426A00F13A78 /* io.c */,
			);
			path = io;
			sourceTree = "<group>";
		};
		5E5F28CB1B9B426A00F13A78 /* led */ = {
			isa = PBXGroup;
			children = (
				5E5F28CC1B9B426A00F13A78 /* led.c */,
			);
			path = led;
			sourceTree = "<group>";
		};
		5E5F28CD1B9B426A00F13A78 /* pwm */ = {
			isa = PBXGroup;
			children = (
				5E5F28CE1B9B426A00F13A78 /* pwm.c */,
			);
			path = pwm;
			sourceTree = "<group>";
		};
		5E5F28CF1B9B426A00F13A78 /* spi */ = {
			isa = PBXGroup;
			children = (
				5E5F28D01B9B426A00F13A78 /* spi.c */,
			);
			path = spi;
			sourceTree = "<group>";
		};
		5E5F28D11B9B426A00F13A78 /* timer */ = {
			isa = PBXGroup;
			children = (
				5E5F28D21B9B426A00F13A78 /* timer.c */,
			);
			path = timer;
			sourceTree = "<group>";
		};
		5E5F28D31B9B426A00F13A78 /* usart */ = {
			isa = PBXGroup;
			children = (
				5E5F28D41B9B426A00F13A78 /* usart.c */,
			);
			path = usart;
			sourceTree = "<group>";
		};
		5E5F28D51B9B426A00F13A78 /* usb */ = {
			isa = PBXGroup;
			children = (
				5E5F28D61B9B426A00F13A78 /* usb.c */,
			);
			path = usb;
			sourceTree = "<group>";
		};
		5E5F28D71B9B426A00F13A78 /* esp8266 */ = {
			isa = PBXGroup;
			children = (
				5E5F28D81B9B426A00F13A78 /* button */,
				5E5F28DA1B9B426A00F13A78 /* flash */,
				5E5F28DC1B9B426A00F13A78 /* i2c */,
				5E5F28DE1B9B426A00F13A78 /* io */,
				5E5F28E01B9B426A00F13A78 /* led */,
				5E5F28E21B9B426A00F13A78 /* pwm */,
				5E5F28E41B9B426A00F13A78 /* spi */,
				5E5F28E61B9B426A00F13A78 /* timer */,
				5E5F28E81B9B426A00F13A78 /* usart */,
				5E5F28EA1B9B426A00F13A78 /* usb */,
			);
			path = esp8266;
			sourceTree = "<group>";
		};
		5E5F28D81B9B426A00F13A78 /* button */ = {
			isa = PBXGroup;
			children = (
				5E5F28D91B9B426A00F13A78 /* button.c */,
			);
			path = button;
			sourceTree = "<group>";
		};
		5E5F28DA1B9B426A00F13A78 /* flash */ = {
			isa = PBXGroup;
			children = (
				5E5F28DB1B9B426A00F13A78 /* flash.c */,
			);
			path = flash;
			sourceTree = "<group>";
		};
		5E5F28DC1B9B426A00F13A78 /* i2c */ = {
			isa = PBXGroup;
			children = (
				5E5F28DD1B9B426A00F13A78 /* i2c.c */,
			);
			path = i2c;
			sourceTree = "<group>";
		};
		5E5F28DE1B9B426A00F13A78 /* io */ = {
			isa = PBXGroup;
			children = (
				5E5F28DF1B9B426A00F13A78 /* io.c */,
			);
			path = io;
			sourceTree = "<group>";
		};
		5E5F28E01B9B426A00F13A78 /* led */ = {
			isa = PBXGroup;
			children = (
				5E5F28E11B9B426A00F13A78 /* led.c */,
			);
			path = led;
			sourceTree = "<group>";
		};
		5E5F28E21B9B426A00F13A78 /* pwm */ = {
			isa = PBXGroup;
			children = (
				5E5F28E31B9B426A00F13A78 /* pwm.c */,
			);
			path = pwm;
			sourceTree = "<group>";
		};
		5E5F28E41B9B426A00F13A78 /* spi */ = {
			isa = PBXGroup;
			children = (
				5E5F28E51B9B426A00F13A78 /* spi.c */,
			);
			path = spi;
			sourceTree = "<group>";
		};
		5E5F28E61B9B426A00F13A78 /* timer */ = {
			isa = PBXGroup;
			children = (
				5E5F28E71B9B426A00F13A78 /* timer.c */,
			);
			path = timer;
			sourceTree = "<group>";
		};
		5E5F28E81B9B426A00F13A78 /* usart */ = {
			isa = PBXGroup;
			children = (
				5E5F28E91B9B426A00F13A78 /* usart.c */,
			);
			path = usart;
			sourceTree = "<group>";
		};
		5E5F28EA1B9B426A00F13A78 /* usb */ = {
			isa = PBXGroup;
			children = (
				5E5F28EB1B9B426A00F13A78 /* usb.c */,
			);
			path = usb;
			sourceTree = "<group>";
		};
		5E5F28EC1B9B426A00F13A78 /* kernel */ = {
			isa = PBXGroup;
			children = (
				5E5F28ED1B9B426A00F13A78 /* main.c */,
			);
			path = kernel;
			sourceTree = "<group>";
		};
		5E5F28F31B9B426A00F13A78 /* python */ = {
			isa = PBXGroup;
			children = (
				5E5F28F41B9B426A00F13A78 /* drivers */,
				5E5F29091B9B426A00F13A78 /* makefile */,
				5E5F290D1B9B426A00F13A78 /* README.md */,
			);
			path = python;
			sourceTree = "<group>";
		};
		5E5F28F41B9B426A00F13A78 /* drivers */ = {
			isa = PBXGroup;
			children = (
				5E5F28F51B9B426A00F13A78 /* button */,
				5E5F28F71B9B426A00F13A78 /* flash */,
				5E5F28F91B9B426A00F13A78 /* i2c */,
				5E5F28FB1B9B426A00F13A78 /* io */,
				5E5F28FD1B9B426A00F13A78 /* led */,
				5E5F28FF1B9B426A00F13A78 /* pwm */,
				5E5F29011B9B426A00F13A78 /* spi */,
				5E5F29031B9B426A00F13A78 /* timer */,
				5E5F29051B9B426A00F13A78 /* usart */,
				5E5F29071B9B426A00F13A78 /* usb */,
			);
			path = drivers;
			sourceTree = "<group>";
		};
		5E5F28F51B9B426A00F13A78 /* button */ = {
			isa = PBXGroup;
			children = (
				5E5F28F61B9B426A00F13A78 /* button.c */,
			);
			path = button;
			sourceTree = "<group>";
		};
		5E5F28F71B9B426A00F13A78 /* flash */ = {
			isa = PBXGroup;
			children = (
				5E5F28F81B9B426A00F13A78 /* flash.c */,
			);
			path = flash;
			sourceTree = "<group>";
		};
		5E5F28F91B9B426A00F13A78 /* i2c */ = {
			isa = PBXGroup;
			children = (
				5E5F28FA1B9B426A00F13A78 /* i2c.c */,
			);
			path = i2c;
			sourceTree = "<group>";
		};
		5E5F28FB1B9B426A00F13A78 /* io */ = {
			isa = PBXGroup;
			children = (
				5E5F28FC1B9B426A00F13A78 /* io.c */,
			);
			path = io;
			sourceTree = "<group>";
		};
		5E5F28FD1B9B426A00F13A78 /* led */ = {
			isa = PBXGroup;
			children = (
				5E5F28FE1B9B426A00F13A78 /* led.c */,
			);
			path = led;
			sourceTree = "<group>";
		};
		5E5F28FF1B9B426A00F13A78 /* pwm */ = {
			isa = PBXGroup;
			children = (
				5E5F29001B9B426A00F13A78 /* pwm.c */,
			);
			path = pwm;
			sourceTree = "<group>";
		};
		5E5F29011B9B426A00F13A78 /* spi */ = {
			isa = PBXGroup;
			children = (
				5E5F29021B9B426A00F13A78 /* spi.c */,
			);
			path = spi;
			sourceTree = "<group>";
		};
		5E5F29031B9B426A00F13A78 /* timer */ = {
			isa = PBXGroup;
			children = (
				5E5F29041B9B426A00F13A78 /* timer.c */,
			);
			path = timer;
			sourceTree = "<group>";
		};
		5E5F29051B9B426A00F13A78 /* usart */ = {
			isa = PBXGroup;
			children = (
				5E5F29061B9B426A00F13A78 /* usart.c */,
			);
			path = usart;
			sourceTree = "<group>";
		};
		5E5F29071B9B426A00F13A78 /* usb */ = {
			isa = PBXGroup;
			children = (
				5E5F29081B9B426A00F13A78 /* usb.c */,
			);
			path = usb;
			sourceTree = "<group>";
		};
		5E5F290F1B9B426A00F13A78 /* sdk */ = {
			isa = PBXGroup;
			children = (
				5E5F29101B9B426A00F13A78 /* bin */,
				5E5F29121B9B426A00F13A78 /* lib */,
			);
			path = sdk;
			sourceTree = "<group>";
		};
		5E5F29101B9B426A00F13A78 /* bin */ = {
			isa = PBXGroup;
			children = (
				5E5F29111B9B426A00F13A78 /* flipper */,
			);
			path = bin;
			sourceTree = "<group>";
		};
		5E5F29121B9B426A00F13A78 /* lib */ = {
			isa = PBXGroup;
			children = (
				5E5F29131B9B426A00F13A78 /* libflipper.dylib */,
			);
			path = lib;
			sourceTree = "<group>";
		};
		5E5F29141B9B426A00F13A78 /* swift */ = {
			isa = PBXGroup;
			children = (
				5E5F29151B9B426A00F13A78 /* drivers */,
				5E5F292A1B9B426A00F13A78 /* makefile */,
				5E5F292B1B9B426A00F13A78 /* README.md */,
			);
			path = swift;
			sourceTree = "<group>";
		};
		5E5F29151B9B426A00F13A78 /* drivers */ = {
			isa = PBXGroup;
			children = (
				5E5F29161B9B426A00F13A78 /* button */,
				5E5F29181B9B426A00F13A78 /* flash */,
				5E5F291A1B9B426A00F13A78 /* i2c */,
				5E5F291C1B9B426A00F13A78 /* io */,
				5E5F291E1B9B426A00F13A78 /* led */,
				5E5F29201B9B426A00F13A78 /* pwm */,
				5E5F29221B9B426A00F13A78 /* spi */,
				5E5F29241B9B426A00F13A78 /* timer */,
				5E5F29261B9B426A00F13A78 /* usart */,
				5E5F29281B9B426A00F13A78 /* usb */,
			);
			path = drivers;
			sourceTree = "<group>";
		};
		5E5F29161B9B426A00F13A78 /* button */ = {
			isa = PBXGroup;
			children = (
				5E5F29171B9B426A00F13A78 /* button.swift */,
			);
			path = button;
			sourceTree = "<group>";
		};
		5E5F29181B9B426A00F13A78 /* flash */ = {
			isa = PBXGroup;
			children = (
				5E5F29191B9B426A00F13A78 /* flash.swift */,
			);
			path = flash;
			sourceTree = "<group>";
		};
		5E5F291A1B9B426A00F13A78 /* i2c */ = {
			isa = PBXGroup;
			children = (
				5E5F291B1B9B426A00F13A78 /* i2c.swift */,
			);
			path = i2c;
			sourceTree = "<group>";
		};
		5E5F291C1B9B426A00F13A78 /* io */ = {
			isa = PBXGroup;
			children = (
				5E5F291D1B9B426A00F13A78 /* io.swift */,
			);
			path = io;
			sourceTree = "<group>";
		};
		5E5F291E1B9B426A00F13A78 /* led */ = {
			isa = PBXGroup;
			children = (
				5E5F291F1B9B426A00F13A78 /* led.swift */,
			);
			path = led;
			sourceTree = "<group>";
		};
		5E5F29201B9B426A00F13A78 /* pwm */ = {
			isa = PBXGroup;
			children = (
				5E5F29211B9B426A00F13A78 /* pwm.swift */,
			);
			path = pwm;
			sourceTree = "<group>";
		};
		5E5F29221B9B426A00F13A78 /* spi */ = {
			isa = PBXGroup;
			children = (
				5E5F29231B9B426A00F13A78 /* spi.swift */,
			);
			path = spi;
			sourceTree = "<group>";
		};
		5E5F29241B9B426A00F13A78 /* timer */ = {
			isa = PBXGroup;
			children = (
				5E5F29251B9B426A00F13A78 /* timer.swift */,
			);
			path = timer;
			sourceTree = "<group>";
		};
		5E5F29261B9B426A00F13A78 /* usart */ = {
			isa = PBXGroup;
			children = (
				5E5F29271B9B426A00F13A78 /* usart.swift */,
			);
			path = usart;
			sourceTree = "<group>";
		};
		5E5F29281B9B426A00F13A78 /* usb */ = {
			isa = PBXGroup;
			children = (
				5E5F29291B9B426A00F13A78 /* usb.swift */,
			);
			path = usb;
			sourceTree = "<group>";
		};
		5E5F292F1B9B426A00F13A78 /* wiring */ = {
			isa = PBXGroup;
			children = (
				5E5F29301B9B426A00F13A78 /* drivers */,
				5E5F29451B9B426A00F13A78 /* include */,
				5E5F29521B9B426A00F13A78 /* makefile */,
				5E5F29531B9B426A00F13A78 /* README */,
			);
			path = wiring;
			sourceTree = "<group>";
		};
		5E5F29301B9B426A00F13A78 /* drivers */ = {
			isa = PBXGroup;
			children = (
				5E5F29311B9B426A00F13A78 /* button */,
				5E5F29331B9B426A00F13A78 /* flash */,
				5E5F29351B9B426A00F13A78 /* i2c */,
				5E5F29371B9B426A00F13A78 /* io */,
				5E5F29391B9B426A00F13A78 /* led */,
				5E5F293B1B9B426A00F13A78 /* pwm */,
				5E5F293D1B9B426A00F13A78 /* spi */,
				5E5F293F1B9B426A00F13A78 /* timer */,
				5E5F29411B9B426A00F13A78 /* usart */,
				5E5F29431B9B426A00F13A78 /* usb */,
			);
			path = drivers;
			sourceTree = "<group>";
		};
		5E5F29311B9B426A00F13A78 /* button */ = {
			isa = PBXGroup;
			children = (
				5E5F29321B9B426A00F13A78 /* button.cpp */,
			);
			path = button;
			sourceTree = "<group>";
		};
		5E5F29331B9B426A00F13A78 /* flash */ = {
			isa = PBXGroup;
			children = (
				5E5F29341B9B426A00F13A78 /* flash.cpp */,
			);
			path = flash;
			sourceTree = "<group>";
		};
		5E5F29351B9B426A00F13A78 /* i2c */ = {
			isa = PBXGroup;
			children = (
				5E5F29361B9B426A00F13A78 /* i2c.cpp */,
			);
			path = i2c;
			sourceTree = "<group>";
		};
		5E5F29371B9B426A00F13A78 /* io */ = {
			isa = PBXGroup;
			children = (
				5E5F29381B9B426A00F13A78 /* io.cpp */,
			);
			path = io;
			sourceTree = "<group>";
		};
		5E5F29391B9B426A00F13A78 /* led */ = {
			isa = PBXGroup;
			children = (
				5E5F293A1B9B426A00F13A78 /* led.cpp */,
			);
			path = led;
			sourceTree = "<group>";
		};
		5E5F293B1B9B426A00F13A78 /* pwm */ = {
			isa = PBXGroup;
			children = (
				5E5F293C1B9B426A00F13A78 /* pwm.cpp */,
			);
			path = pwm;
			sourceTree = "<group>";
		};
		5E5F293D1B9B426A00F13A78 /* spi */ = {
			isa = PBXGroup;
			children = (
				5E5F293E1B9B426A00F13A78 /* spi.cpp */,
			);
			path = spi;
			sourceTree = "<group>";
		};
		5E5F293F1B9B426A00F13A78 /* timer */ = {
			isa = PBXGroup;
			children = (
				5E5F29401B9B426A00F13A78 /* timer.cpp */,
			);
			path = timer;
			sourceTree = "<group>";
		};
		5E5F29411B9B426A00F13A78 /* usart */ = {
			isa = PBXGroup;
			children = (
				5E5F29421B9B426A00F13A78 /* usart.cpp */,
			);
			path = usart;
			sourceTree = "<group>";
		};
		5E5F29431B9B426A00F13A78 /* usb */ = {
			isa = PBXGroup;
			children = (
				5E5F29441B9B426A00F13A78 /* usb.cpp */,
			);
			path = usb;
			sourceTree = "<group>";
		};
		5E5F29451B9B426A00F13A78 /* include */ = {
			isa = PBXGroup;
			children = (
				5E5F29461B9B426A00F13A78 /* button.h */,
				5E5F29471B9B426A00F13A78 /* flash.h */,
				5E5F29481B9B426A00F13A78 /* fmr.h */,
				5E5F29491B9B426A00F13A78 /* fs.h */,
				5E5F294A1B9B426A00F13A78 /* i2c.h */,
				5E5F294B1B9B426A00F13A78 /* io.h */,
				5E5F294C1B9B426A00F13A78 /* led.h */,
				5E5F294D1B9B426A00F13A78 /* pwm.h */,
				5E5F294E1B9B426A00F13A78 /* spi.h */,
				5E5F294F1B9B426A00F13A78 /* timer.h */,
				5E5F29501B9B426A00F13A78 /* usart.h */,
				5E5F29511B9B426A00F13A78 /* usb.h */,
			);
			path = include;
			sourceTree = "<group>";
		};
		5E5F2A071B9B45F500F13A78 /* Libraries */ = {
			isa = PBXGroup;
			children = (
				5E5F29FF1B9B453F00F13A78 /* libflipper.dylib */,
				5E5F29F81B9B433200F13A78 /* CoreFoundation.framework */,
				5E5F29F61B9B432D00F13A78 /* IOKit.framework */,
			);
			name = Libraries;
			sourceTree = "<group>";
		};
/* End PBXGroup section */

/* Begin PBXLegacyTarget section */
		5E5F29FA1B9B445A00F13A78 /* console */ = {
			isa = PBXLegacyTarget;
			buildArgumentsString = "-s all";
			buildConfigurationList = 5E5F29FB1B9B445A00F13A78 /* Build configuration list for PBXLegacyTarget "console" */;
			buildPhases = (
			);
			buildToolPath = /usr/bin/make;
			buildWorkingDirectory = "/Users/George/Desktop/flipper-toolbox/console";
			dependencies = (
			);
			name = console;
			passBuildSettingsInEnvironment = 1;
			productName = console;
		};
		5E5F2A011B9B455300F13A78 /* libflipper */ = {
			isa = PBXLegacyTarget;
			buildArgumentsString = "-s all";
			buildConfigurationList = 5E5F2A021B9B455300F13A78 /* Build configuration list for PBXLegacyTarget "libflipper" */;
			buildPhases = (
			);
			buildToolPath = /usr/bin/make;
			buildWorkingDirectory = "/Users/George/Desktop/flipper-toolbox/libflipper";
			dependencies = (
			);
			name = libflipper;
			passBuildSettingsInEnvironment = 1;
			productName = console;
		};
/* End PBXLegacyTarget section */

/* Begin PBXNativeTarget section */
		5E5F26F21B9B421800F13A78 /* toolbox */ = {
			isa = PBXNativeTarget;
			buildConfigurationList = 5E5F26FA1B9B421900F13A78 /* Build configuration list for PBXNativeTarget "toolbox" */;
			buildPhases = (
				5E5F26EF1B9B421800F13A78 /* Sources */,
				5E5F26F01B9B421800F13A78 /* Frameworks */,
				5E5F26F11B9B421800F13A78 /* CopyFiles */,
			);
			buildRules = (
			);
			dependencies = (
				5E5F2A061B9B456B00F13A78 /* PBXTargetDependency */,
			);
			name = toolbox;
			productName = toolbox;
			productReference = 5E5F26F31B9B421800F13A78 /* toolbox */;
			productType = "com.apple.product-type.tool";
		};
/* End PBXNativeTarget section */

/* Begin PBXProject section */
		5E5F26EB1B9B421800F13A78 /* Project object */ = {
			isa = PBXProject;
			attributes = {
				LastUpgradeCheck = 0640;
				ORGANIZATIONNAME = "George Morgan";
				TargetAttributes = {
					5E5F26F21B9B421800F13A78 = {
						CreatedOnToolsVersion = 6.4;
					};
					5E5F29FA1B9B445A00F13A78 = {
						CreatedOnToolsVersion = 6.4;
					};
				};
			};
			buildConfigurationList = 5E5F26EE1B9B421800F13A78 /* Build configuration list for PBXProject "toolbox" */;
			compatibilityVersion = "Xcode 3.2";
			developmentRegion = English;
			hasScannedForEncodings = 0;
			knownRegions = (
				en,
			);
			mainGroup = 5E5F26EA1B9B421800F13A78;
			productRefGroup = 5E5F26F41B9B421800F13A78 /* Products */;
			projectDirPath = "";
			projectRoot = "";
			targets = (
				5E5F26F21B9B421800F13A78 /* toolbox */,
				5E5F29FA1B9B445A00F13A78 /* console */,
				5E5F2A011B9B455300F13A78 /* libflipper */,
			);
		};
/* End PBXProject section */

/* Begin PBXSourcesBuildPhase section */
		5E5F26EF1B9B421800F13A78 /* Sources */ = {
			isa = PBXSourcesBuildPhase;
			buildActionMask = 2147483647;
			files = (
				5E5F29FE1B9B452D00F13A78 /* main.c in Sources */,
				5E9140791B9B5C0A00F25798 /* fmr.c in Sources */,
			);
			runOnlyForDeploymentPostprocessing = 0;
		};
/* End PBXSourcesBuildPhase section */

/* Begin PBXTargetDependency section */
		5E5F2A061B9B456B00F13A78 /* PBXTargetDependency */ = {
			isa = PBXTargetDependency;
			target = 5E5F2A011B9B455300F13A78 /* libflipper */;
			targetProxy = 5E5F2A051B9B456B00F13A78 /* PBXContainerItemProxy */;
		};
/* End PBXTargetDependency section */

/* Begin XCBuildConfiguration section */
		5E5F26F81B9B421900F13A78 /* Debug */ = {
			isa = XCBuildConfiguration;
			buildSettings = {
				ALWAYS_SEARCH_USER_PATHS = YES;
				CLANG_CXX_LANGUAGE_STANDARD = "gnu++0x";
				CLANG_CXX_LIBRARY = "libc++";
				CLANG_ENABLE_MODULES = NO;
				CLANG_ENABLE_OBJC_ARC = YES;
				CLANG_WARN_BOOL_CONVERSION = YES;
				CLANG_WARN_CONSTANT_CONVERSION = YES;
				CLANG_WARN_DIRECT_OBJC_ISA_USAGE = YES_ERROR;
				CLANG_WARN_EMPTY_BODY = YES;
				CLANG_WARN_ENUM_CONVERSION = YES;
				CLANG_WARN_INT_CONVERSION = YES;
				CLANG_WARN_OBJC_ROOT_CLASS = YES_ERROR;
				CLANG_WARN_UNREACHABLE_CODE = YES;
				CLANG_WARN__DUPLICATE_METHOD_MATCH = YES;
				COPY_PHASE_STRIP = NO;
				DEBUG_INFORMATION_FORMAT = dwarf;
				ENABLE_STRICT_OBJC_MSGSEND = YES;
				GCC_C_LANGUAGE_STANDARD = gnu99;
				GCC_DYNAMIC_NO_PIC = NO;
				GCC_NO_COMMON_BLOCKS = YES;
				GCC_OPTIMIZATION_LEVEL = 0;
				GCC_PREPROCESSOR_DEFINITIONS = (
					"DEBUG=1",
					"$(inherited)",
				);
				GCC_SYMBOLS_PRIVATE_EXTERN = NO;
				GCC_WARN_64_TO_32_BIT_CONVERSION = YES;
				GCC_WARN_ABOUT_RETURN_TYPE = YES_ERROR;
				GCC_WARN_UNDECLARED_SELECTOR = YES;
				GCC_WARN_UNINITIALIZED_AUTOS = YES_AGGRESSIVE;
				GCC_WARN_UNUSED_FUNCTION = YES;
				GCC_WARN_UNUSED_VARIABLE = YES;
				MACOSX_DEPLOYMENT_TARGET = 10.10;
				MTL_ENABLE_DEBUG_INFO = YES;
				ONLY_ACTIVE_ARCH = YES;
				SDKROOT = macosx;
				USER_HEADER_SEARCH_PATHS = "~/Desktop/flipper-toolbox/include";
			};
			name = Debug;
		};
		5E5F26F91B9B421900F13A78 /* Release */ = {
			isa = XCBuildConfiguration;
			buildSettings = {
				ALWAYS_SEARCH_USER_PATHS = YES;
				CLANG_CXX_LANGUAGE_STANDARD = "gnu++0x";
				CLANG_CXX_LIBRARY = "libc++";
				CLANG_ENABLE_MODULES = NO;
				CLANG_ENABLE_OBJC_ARC = YES;
				CLANG_WARN_BOOL_CONVERSION = YES;
				CLANG_WARN_CONSTANT_CONVERSION = YES;
				CLANG_WARN_DIRECT_OBJC_ISA_USAGE = YES_ERROR;
				CLANG_WARN_EMPTY_BODY = YES;
				CLANG_WARN_ENUM_CONVERSION = YES;
				CLANG_WARN_INT_CONVERSION = YES;
				CLANG_WARN_OBJC_ROOT_CLASS = YES_ERROR;
				CLANG_WARN_UNREACHABLE_CODE = YES;
				CLANG_WARN__DUPLICATE_METHOD_MATCH = YES;
				COPY_PHASE_STRIP = NO;
				DEBUG_INFORMATION_FORMAT = "dwarf-with-dsym";
				ENABLE_NS_ASSERTIONS = NO;
				ENABLE_STRICT_OBJC_MSGSEND = YES;
				GCC_C_LANGUAGE_STANDARD = gnu99;
				GCC_NO_COMMON_BLOCKS = YES;
				GCC_WARN_64_TO_32_BIT_CONVERSION = YES;
				GCC_WARN_ABOUT_RETURN_TYPE = YES_ERROR;
				GCC_WARN_UNDECLARED_SELECTOR = YES;
				GCC_WARN_UNINITIALIZED_AUTOS = YES_AGGRESSIVE;
				GCC_WARN_UNUSED_FUNCTION = YES;
				GCC_WARN_UNUSED_VARIABLE = YES;
				MACOSX_DEPLOYMENT_TARGET = 10.10;
				MTL_ENABLE_DEBUG_INFO = NO;
				SDKROOT = macosx;
				USER_HEADER_SEARCH_PATHS = "~/Desktop/flipper-toolbox/include";
			};
			name = Release;
		};
		5E5F26FB1B9B421900F13A78 /* Debug */ = {
			isa = XCBuildConfiguration;
			buildSettings = {
				LIBRARY_SEARCH_PATHS = (
					"$(inherited)",
					"$(PROJECT_DIR)/sdk/lib",
					"$(PROJECT_DIR)/libflipper",
				);
				PRODUCT_NAME = "$(TARGET_NAME)";
			};
			name = Debug;
		};
		5E5F26FC1B9B421900F13A78 /* Release */ = {
			isa = XCBuildConfiguration;
			buildSettings = {
				LIBRARY_SEARCH_PATHS = (
					"$(inherited)",
					"$(PROJECT_DIR)/sdk/lib",
					"$(PROJECT_DIR)/libflipper",
				);
				PRODUCT_NAME = "$(TARGET_NAME)";
			};
			name = Release;
		};
		5E5F29FC1B9B445A00F13A78 /* Debug */ = {
			isa = XCBuildConfiguration;
			buildSettings = {
				ALWAYS_SEARCH_USER_PATHS = NO;
				CLANG_ENABLE_MODULES = YES;
				DEBUGGING_SYMBOLS = YES;
				GCC_GENERATE_DEBUGGING_SYMBOLS = YES;
				GCC_OPTIMIZATION_LEVEL = 0;
				GCC_PREPROCESSOR_DEFINITIONS = (
					"DEBUG=1",
					"$(inherited)",
				);
				OTHER_CFLAGS = "";
				OTHER_LDFLAGS = "";
				PRODUCT_NAME = "$(TARGET_NAME)";
			};
			name = Debug;
		};
		5E5F29FD1B9B445A00F13A78 /* Release */ = {
			isa = XCBuildConfiguration;
			buildSettings = {
				ALWAYS_SEARCH_USER_PATHS = NO;
				CLANG_ENABLE_MODULES = YES;
				OTHER_CFLAGS = "";
				OTHER_LDFLAGS = "";
				PRODUCT_NAME = "$(TARGET_NAME)";
			};
			name = Release;
		};
		5E5F2A031B9B455300F13A78 /* Debug */ = {
			isa = XCBuildConfiguration;
			buildSettings = {
				ALWAYS_SEARCH_USER_PATHS = NO;
				CLANG_ENABLE_MODULES = YES;
				DEBUGGING_SYMBOLS = YES;
				GCC_GENERATE_DEBUGGING_SYMBOLS = YES;
				GCC_OPTIMIZATION_LEVEL = 0;
				GCC_PREPROCESSOR_DEFINITIONS = (
					"DEBUG=1",
					"$(inherited)",
				);
				OTHER_CFLAGS = "";
				OTHER_LDFLAGS = "";
				PRODUCT_NAME = "console copy";
			};
			name = Debug;
		};
		5E5F2A041B9B455300F13A78 /* Release */ = {
			isa = XCBuildConfiguration;
			buildSettings = {
				ALWAYS_SEARCH_USER_PATHS = NO;
				CLANG_ENABLE_MODULES = YES;
				OTHER_CFLAGS = "";
				OTHER_LDFLAGS = "";
				PRODUCT_NAME = "console copy";
			};
			name = Release;
		};
/* End XCBuildConfiguration section */

/* Begin XCConfigurationList section */
		5E5F26EE1B9B421800F13A78 /* Build configuration list for PBXProject "toolbox" */ = {
			isa = XCConfigurationList;
			buildConfigurations = (
				5E5F26F81B9B421900F13A78 /* Debug */,
				5E5F26F91B9B421900F13A78 /* Release */,
			);
			defaultConfigurationIsVisible = 0;
			defaultConfigurationName = Release;
		};
		5E5F26FA1B9B421900F13A78 /* Build configuration list for PBXNativeTarget "toolbox" */ = {
			isa = XCConfigurationList;
			buildConfigurations = (
				5E5F26FB1B9B421900F13A78 /* Debug */,
				5E5F26FC1B9B421900F13A78 /* Release */,
			);
			defaultConfigurationIsVisible = 0;
			defaultConfigurationName = Release;
		};
		5E5F29FB1B9B445A00F13A78 /* Build configuration list for PBXLegacyTarget "console" */ = {
			isa = XCConfigurationList;
			buildConfigurations = (
				5E5F29FC1B9B445A00F13A78 /* Debug */,
				5E5F29FD1B9B445A00F13A78 /* Release */,
			);
			defaultConfigurationIsVisible = 0;
			defaultConfigurationName = Release;
		};
		5E5F2A021B9B455300F13A78 /* Build configuration list for PBXLegacyTarget "libflipper" */ = {
			isa = XCConfigurationList;
			buildConfigurations = (
				5E5F2A031B9B455300F13A78 /* Debug */,
				5E5F2A041B9B455300F13A78 /* Release */,
			);
			defaultConfigurationIsVisible = 0;
			defaultConfigurationName = Release;
		};
/* End XCConfigurationList section */
	};
	rootObject = 5E5F26EB1B9B421800F13A78 /* Project object */;
}
